// !$*UTF8*$!
{
	archiveVersion = 1;
	classes = {
	};
	objectVersion = 50;
	objects = {

/* Begin PBXBuildFile section */
		1686156EAEDFD7974B12CAF9 /* Pods_RickAndMortyCatalogUITests.framework in Frameworks */ = {isa = PBXBuildFile; fileRef = 3B3EF03A9023914565E5C8AE /* Pods_RickAndMortyCatalogUITests.framework */; };
		3995102BC0AFEF307FE69EEA /* Pods_RickAndMortyCatalog.framework in Frameworks */ = {isa = PBXBuildFile; fileRef = 2791398DF094DC4A4D9CB139 /* Pods_RickAndMortyCatalog.framework */; };
		6576A38A226623EB00571620 /* UICollectionViewCell+Identifier.swift in Sources */ = {isa = PBXBuildFile; fileRef = 6576A389226623EB00571620 /* UICollectionViewCell+Identifier.swift */; };
		6576A3922266370A00571620 /* UIView+Loadable.swift in Sources */ = {isa = PBXBuildFile; fileRef = 6576A3912266370A00571620 /* UIView+Loadable.swift */; };
		6576A3962266413200571620 /* UIView+Emptiable.swift in Sources */ = {isa = PBXBuildFile; fileRef = 6576A3952266413200571620 /* UIView+Emptiable.swift */; };
		658032422264FC39000FCAB9 /* FavoriteCell.swift in Sources */ = {isa = PBXBuildFile; fileRef = 658032412264FC39000FCAB9 /* FavoriteCell.swift */; };
		65912A7C225CF1C400F37508 /* AppDelegate.swift in Sources */ = {isa = PBXBuildFile; fileRef = 65912A7B225CF1C400F37508 /* AppDelegate.swift */; };
		65912A83225CF1C500F37508 /* Assets.xcassets in Resources */ = {isa = PBXBuildFile; fileRef = 65912A82225CF1C500F37508 /* Assets.xcassets */; };
		65912A86225CF1C500F37508 /* LaunchScreen.storyboard in Resources */ = {isa = PBXBuildFile; fileRef = 65912A84225CF1C500F37508 /* LaunchScreen.storyboard */; };
		65912A91225CF1C500F37508 /* RickAndMortyCatalogTests.swift in Sources */ = {isa = PBXBuildFile; fileRef = 65912A90225CF1C500F37508 /* RickAndMortyCatalogTests.swift */; };
		65912A9C225CF1C500F37508 /* RickAndMortyCatalogUITests.swift in Sources */ = {isa = PBXBuildFile; fileRef = 65912A9B225CF1C500F37508 /* RickAndMortyCatalogUITests.swift */; };
		65912AB3225CF43C00F37508 /* JSON.swift in Sources */ = {isa = PBXBuildFile; fileRef = 65912AB2225CF43C00F37508 /* JSON.swift */; };
		65912AB5225CF45100F37508 /* AlertHelper.swift in Sources */ = {isa = PBXBuildFile; fileRef = 65912AB4225CF45100F37508 /* AlertHelper.swift */; };
		65912AB7225CF46100F37508 /* ErrorHelper.swift in Sources */ = {isa = PBXBuildFile; fileRef = 65912AB6225CF46100F37508 /* ErrorHelper.swift */; };
		65912ABA225CF49200F37508 /* ErrorTypes.swift in Sources */ = {isa = PBXBuildFile; fileRef = 65912AB9225CF49200F37508 /* ErrorTypes.swift */; };
		65912AC3225CFD9A00F37508 /* CharactersViewController.swift in Sources */ = {isa = PBXBuildFile; fileRef = 65912AC2225CFD9A00F37508 /* CharactersViewController.swift */; };
		65912AD9225D08FC00F37508 /* FavoritesViewController.swift in Sources */ = {isa = PBXBuildFile; fileRef = 65912AD8225D08FC00F37508 /* FavoritesViewController.swift */; };
		65912ADB225D090700F37508 /* SettingsViewController.swift in Sources */ = {isa = PBXBuildFile; fileRef = 65912ADA225D090700F37508 /* SettingsViewController.swift */; };
		65912AE5225D1B7500F37508 /* RMCharacter.swift in Sources */ = {isa = PBXBuildFile; fileRef = 65912AE4225D1B7500F37508 /* RMCharacter.swift */; };
		65912AEB225D1E0C00F37508 /* RMCharacterOrigin.swift in Sources */ = {isa = PBXBuildFile; fileRef = 65912AEA225D1E0C00F37508 /* RMCharacterOrigin.swift */; };
		65912AED225D1E7200F37508 /* RMCharacterLocation.swift in Sources */ = {isa = PBXBuildFile; fileRef = 65912AEC225D1E7200F37508 /* RMCharacterLocation.swift */; };
		65912B0D225D35A600F37508 /* RMCharactersService.swift in Sources */ = {isa = PBXBuildFile; fileRef = 65912B0C225D35A600F37508 /* RMCharactersService.swift */; };
		6591EFD02270D8C300C7502E /* FavoriteCell.xib in Resources */ = {isa = PBXBuildFile; fileRef = 6591EFCF2270D8C300C7502E /* FavoriteCell.xib */; };
		6591EFD22270D8D500C7502E /* FavoritesViewController.xib in Resources */ = {isa = PBXBuildFile; fileRef = 6591EFD12270D8D500C7502E /* FavoritesViewController.xib */; };
		6591EFD42270D8E200C7502E /* SettingsViewController.xib in Resources */ = {isa = PBXBuildFile; fileRef = 6591EFD32270D8E200C7502E /* SettingsViewController.xib */; };
		BFDB456DD162690DBC06803E /* Pods_RickAndMortyCatalogTests.framework in Frameworks */ = {isa = PBXBuildFile; fileRef = A40580FF8463F851878A0EA2 /* Pods_RickAndMortyCatalogTests.framework */; };
		E50C9CBE226DF29700588EBC /* GetCharacterMock.json in Resources */ = {isa = PBXBuildFile; fileRef = E50C9CBD226DF29700588EBC /* GetCharacterMock.json */; };
		E50C9CC0226DF67400588EBC /* RMCharacterInfo.swift in Sources */ = {isa = PBXBuildFile; fileRef = E50C9CBF226DF67400588EBC /* RMCharacterInfo.swift */; };
		E50C9CC2226DF6FB00588EBC /* RMCharacterResponse.swift in Sources */ = {isa = PBXBuildFile; fileRef = E50C9CC1226DF6FB00588EBC /* RMCharacterResponse.swift */; };
		E50C9D35226F4A0100588EBC /* NSErrorExtensions.swift in Sources */ = {isa = PBXBuildFile; fileRef = E50C9D34226F4A0100588EBC /* NSErrorExtensions.swift */; };
		E50C9D3B226F4A5B00588EBC /* NetworkingService.swift in Sources */ = {isa = PBXBuildFile; fileRef = E50C9D3A226F4A5B00588EBC /* NetworkingService.swift */; };
		E50C9D3F226F4A8800588EBC /* URLRequestDispatcherProtocol.swift in Sources */ = {isa = PBXBuildFile; fileRef = E50C9D3E226F4A8800588EBC /* URLRequestDispatcherProtocol.swift */; };
		E50C9D41226F4A9A00588EBC /* URLSessionDispatcher.swift in Sources */ = {isa = PBXBuildFile; fileRef = E50C9D40226F4A9A00588EBC /* URLSessionDispatcher.swift */; };
		E50C9D43226F4AB100588EBC /* URLRequestProtocol.swift in Sources */ = {isa = PBXBuildFile; fileRef = E50C9D42226F4AB100588EBC /* URLRequestProtocol.swift */; };
		E50C9D45226F4ABD00588EBC /* URLRequestBuilder.swift in Sources */ = {isa = PBXBuildFile; fileRef = E50C9D44226F4ABD00588EBC /* URLRequestBuilder.swift */; };
		E50C9D47226F4AC800588EBC /* HTTPMethod.swift in Sources */ = {isa = PBXBuildFile; fileRef = E50C9D46226F4AC800588EBC /* HTTPMethod.swift */; };
		E50C9D49226F4AD300588EBC /* URLRequestParameters.swift in Sources */ = {isa = PBXBuildFile; fileRef = E50C9D48226F4AD300588EBC /* URLRequestParameters.swift */; };
		E50C9D4B226F4ADE00588EBC /* URLRequestAdapter.swift in Sources */ = {isa = PBXBuildFile; fileRef = E50C9D4A226F4ADE00588EBC /* URLRequestAdapter.swift */; };
		E50C9D4D226F4AEA00588EBC /* URLRequestToken.swift in Sources */ = {isa = PBXBuildFile; fileRef = E50C9D4C226F4AEA00588EBC /* URLRequestToken.swift */; };
		E50C9D4F226F4AF600588EBC /* URLRequestError.swift in Sources */ = {isa = PBXBuildFile; fileRef = E50C9D4E226F4AF600588EBC /* URLRequestError.swift */; };
		E50C9D52226F4E0900588EBC /* RMCharactersRequest.swift in Sources */ = {isa = PBXBuildFile; fileRef = E50C9D51226F4E0900588EBC /* RMCharactersRequest.swift */; };
		E50C9D56226F5BB700588EBC /* ServiceError.swift in Sources */ = {isa = PBXBuildFile; fileRef = E50C9D55226F5BB700588EBC /* ServiceError.swift */; };
		E50C9D59226F618000588EBC /* RMCharactersServiceMock.swift in Sources */ = {isa = PBXBuildFile; fileRef = E50C9D58226F618000588EBC /* RMCharactersServiceMock.swift */; };
		E50C9D5C226F874F00588EBC /* CharacterDetailViewController.swift in Sources */ = {isa = PBXBuildFile; fileRef = E50C9D5A226F874F00588EBC /* CharacterDetailViewController.swift */; };
		E50C9D5D226F874F00588EBC /* CharacterDetailViewController.xib in Resources */ = {isa = PBXBuildFile; fileRef = E50C9D5B226F874F00588EBC /* CharacterDetailViewController.xib */; };
		E50C9D5F226FD66D00588EBC /* DependencyInjection.swift in Sources */ = {isa = PBXBuildFile; fileRef = E50C9D5E226FD66D00588EBC /* DependencyInjection.swift */; };
		E50C9D61226FD74D00588EBC /* NSObjectExtension.swift in Sources */ = {isa = PBXBuildFile; fileRef = E50C9D60226FD74D00588EBC /* NSObjectExtension.swift */; };
		E50C9D63226FE02C00588EBC /* SimpleURLRequest.swift in Sources */ = {isa = PBXBuildFile; fileRef = E50C9D62226FE02C00588EBC /* SimpleURLRequest.swift */; };
		E50C9D65226FE51900588EBC /* CharactersViewController.xib in Resources */ = {isa = PBXBuildFile; fileRef = E50C9D64226FE51900588EBC /* CharactersViewController.xib */; };
		E50C9D6F226FEEE700588EBC /* CharacterCell.swift in Sources */ = {isa = PBXBuildFile; fileRef = E50C9D6D226FEEE700588EBC /* CharacterCell.swift */; };
		E50C9D70226FEEE700588EBC /* CharacterCell.xib in Resources */ = {isa = PBXBuildFile; fileRef = E50C9D6E226FEEE700588EBC /* CharacterCell.xib */; };
		E50C9D7622707D3500588EBC /* ImageService.swift in Sources */ = {isa = PBXBuildFile; fileRef = E50C9D7522707D3500588EBC /* ImageService.swift */; };
		E50C9D7922707E2400588EBC /* CacheService.swift in Sources */ = {isa = PBXBuildFile; fileRef = E50C9D7822707E2400588EBC /* CacheService.swift */; };
		E50C9D7B22707F8B00588EBC /* String+Encription.swift in Sources */ = {isa = PBXBuildFile; fileRef = E50C9D7A22707F8B00588EBC /* String+Encription.swift */; };
		E50C9D802270A9AD00588EBC /* RealmDatabase.swift in Sources */ = {isa = PBXBuildFile; fileRef = E50C9D7F2270A9AD00588EBC /* RealmDatabase.swift */; };
		E50C9D842271616A00588EBC /* CharactersLogicController.swift in Sources */ = {isa = PBXBuildFile; fileRef = E50C9D832271616A00588EBC /* CharactersLogicController.swift */; };
		E50C9D862271618600588EBC /* CharactersLogicControllerDelegate.swift in Sources */ = {isa = PBXBuildFile; fileRef = E50C9D852271618600588EBC /* CharactersLogicControllerDelegate.swift */; };
/* End PBXBuildFile section */

/* Begin PBXContainerItemProxy section */
		65912A8D225CF1C500F37508 /* PBXContainerItemProxy */ = {
			isa = PBXContainerItemProxy;
			containerPortal = 65912A70225CF1C400F37508 /* Project object */;
			proxyType = 1;
			remoteGlobalIDString = 65912A77225CF1C400F37508;
			remoteInfo = RickAndMortyCatalog;
		};
		65912A98225CF1C500F37508 /* PBXContainerItemProxy */ = {
			isa = PBXContainerItemProxy;
			containerPortal = 65912A70225CF1C400F37508 /* Project object */;
			proxyType = 1;
			remoteGlobalIDString = 65912A77225CF1C400F37508;
			remoteInfo = RickAndMortyCatalog;
		};
/* End PBXContainerItemProxy section */

/* Begin PBXFileReference section */
		21765CD5AE9A6488087B8C61 /* Pods-RickAndMortyCatalogUITests.release.xcconfig */ = {isa = PBXFileReference; includeInIndex = 1; lastKnownFileType = text.xcconfig; name = "Pods-RickAndMortyCatalogUITests.release.xcconfig"; path = "Target Support Files/Pods-RickAndMortyCatalogUITests/Pods-RickAndMortyCatalogUITests.release.xcconfig"; sourceTree = "<group>"; };
		2791398DF094DC4A4D9CB139 /* Pods_RickAndMortyCatalog.framework */ = {isa = PBXFileReference; explicitFileType = wrapper.framework; includeInIndex = 0; path = Pods_RickAndMortyCatalog.framework; sourceTree = BUILT_PRODUCTS_DIR; };
		3B3EF03A9023914565E5C8AE /* Pods_RickAndMortyCatalogUITests.framework */ = {isa = PBXFileReference; explicitFileType = wrapper.framework; includeInIndex = 0; path = Pods_RickAndMortyCatalogUITests.framework; sourceTree = BUILT_PRODUCTS_DIR; };
		457EBC460303FD9226D0FED7 /* Pods-RickAndMortyCatalogTests.release.xcconfig */ = {isa = PBXFileReference; includeInIndex = 1; lastKnownFileType = text.xcconfig; name = "Pods-RickAndMortyCatalogTests.release.xcconfig"; path = "Target Support Files/Pods-RickAndMortyCatalogTests/Pods-RickAndMortyCatalogTests.release.xcconfig"; sourceTree = "<group>"; };
		5122440E45AD6D5ABF6FE029 /* Pods-RickAndMortyCatalog.release.xcconfig */ = {isa = PBXFileReference; includeInIndex = 1; lastKnownFileType = text.xcconfig; name = "Pods-RickAndMortyCatalog.release.xcconfig"; path = "Target Support Files/Pods-RickAndMortyCatalog/Pods-RickAndMortyCatalog.release.xcconfig"; sourceTree = "<group>"; };
		5500136B425F93B4E9C513A7 /* Pods-RickAndMortyCatalogUITests.debug.xcconfig */ = {isa = PBXFileReference; includeInIndex = 1; lastKnownFileType = text.xcconfig; name = "Pods-RickAndMortyCatalogUITests.debug.xcconfig"; path = "Target Support Files/Pods-RickAndMortyCatalogUITests/Pods-RickAndMortyCatalogUITests.debug.xcconfig"; sourceTree = "<group>"; };
		6576A389226623EB00571620 /* UICollectionViewCell+Identifier.swift */ = {isa = PBXFileReference; lastKnownFileType = sourcecode.swift; path = "UICollectionViewCell+Identifier.swift"; sourceTree = "<group>"; };
		6576A3912266370A00571620 /* UIView+Loadable.swift */ = {isa = PBXFileReference; lastKnownFileType = sourcecode.swift; path = "UIView+Loadable.swift"; sourceTree = "<group>"; };
		6576A3952266413200571620 /* UIView+Emptiable.swift */ = {isa = PBXFileReference; lastKnownFileType = sourcecode.swift; path = "UIView+Emptiable.swift"; sourceTree = "<group>"; };
		658032412264FC39000FCAB9 /* FavoriteCell.swift */ = {isa = PBXFileReference; lastKnownFileType = sourcecode.swift; path = FavoriteCell.swift; sourceTree = "<group>"; };
		65912A78225CF1C400F37508 /* RickAndMortyCatalog.app */ = {isa = PBXFileReference; explicitFileType = wrapper.application; includeInIndex = 0; path = RickAndMortyCatalog.app; sourceTree = BUILT_PRODUCTS_DIR; };
		65912A7B225CF1C400F37508 /* AppDelegate.swift */ = {isa = PBXFileReference; lastKnownFileType = sourcecode.swift; path = AppDelegate.swift; sourceTree = "<group>"; };
		65912A82225CF1C500F37508 /* Assets.xcassets */ = {isa = PBXFileReference; lastKnownFileType = folder.assetcatalog; path = Assets.xcassets; sourceTree = "<group>"; };
		65912A85225CF1C500F37508 /* Base */ = {isa = PBXFileReference; lastKnownFileType = file.storyboard; name = Base; path = Base.lproj/LaunchScreen.storyboard; sourceTree = "<group>"; };
		65912A87225CF1C500F37508 /* Info.plist */ = {isa = PBXFileReference; lastKnownFileType = text.plist.xml; path = Info.plist; sourceTree = "<group>"; };
		65912A8C225CF1C500F37508 /* RickAndMortyCatalogTests.xctest */ = {isa = PBXFileReference; explicitFileType = wrapper.cfbundle; includeInIndex = 0; path = RickAndMortyCatalogTests.xctest; sourceTree = BUILT_PRODUCTS_DIR; };
		65912A90225CF1C500F37508 /* RickAndMortyCatalogTests.swift */ = {isa = PBXFileReference; lastKnownFileType = sourcecode.swift; path = RickAndMortyCatalogTests.swift; sourceTree = "<group>"; };
		65912A92225CF1C500F37508 /* Info.plist */ = {isa = PBXFileReference; lastKnownFileType = text.plist.xml; path = Info.plist; sourceTree = "<group>"; };
		65912A97225CF1C500F37508 /* RickAndMortyCatalogUITests.xctest */ = {isa = PBXFileReference; explicitFileType = wrapper.cfbundle; includeInIndex = 0; path = RickAndMortyCatalogUITests.xctest; sourceTree = BUILT_PRODUCTS_DIR; };
		65912A9B225CF1C500F37508 /* RickAndMortyCatalogUITests.swift */ = {isa = PBXFileReference; lastKnownFileType = sourcecode.swift; path = RickAndMortyCatalogUITests.swift; sourceTree = "<group>"; };
		65912A9D225CF1C500F37508 /* Info.plist */ = {isa = PBXFileReference; lastKnownFileType = text.plist.xml; path = Info.plist; sourceTree = "<group>"; };
		65912AB2225CF43C00F37508 /* JSON.swift */ = {isa = PBXFileReference; lastKnownFileType = sourcecode.swift; path = JSON.swift; sourceTree = "<group>"; };
		65912AB4225CF45100F37508 /* AlertHelper.swift */ = {isa = PBXFileReference; lastKnownFileType = sourcecode.swift; path = AlertHelper.swift; sourceTree = "<group>"; };
		65912AB6225CF46100F37508 /* ErrorHelper.swift */ = {isa = PBXFileReference; lastKnownFileType = sourcecode.swift; path = ErrorHelper.swift; sourceTree = "<group>"; };
		65912AB9225CF49200F37508 /* ErrorTypes.swift */ = {isa = PBXFileReference; lastKnownFileType = sourcecode.swift; path = ErrorTypes.swift; sourceTree = "<group>"; };
		65912AC2225CFD9A00F37508 /* CharactersViewController.swift */ = {isa = PBXFileReference; lastKnownFileType = sourcecode.swift; path = CharactersViewController.swift; sourceTree = "<group>"; };
		65912AD8225D08FC00F37508 /* FavoritesViewController.swift */ = {isa = PBXFileReference; lastKnownFileType = sourcecode.swift; path = FavoritesViewController.swift; sourceTree = "<group>"; };
		65912ADA225D090700F37508 /* SettingsViewController.swift */ = {isa = PBXFileReference; lastKnownFileType = sourcecode.swift; path = SettingsViewController.swift; sourceTree = "<group>"; };
		65912AE4225D1B7500F37508 /* RMCharacter.swift */ = {isa = PBXFileReference; lastKnownFileType = sourcecode.swift; path = RMCharacter.swift; sourceTree = "<group>"; };
		65912AEA225D1E0C00F37508 /* RMCharacterOrigin.swift */ = {isa = PBXFileReference; lastKnownFileType = sourcecode.swift; path = RMCharacterOrigin.swift; sourceTree = "<group>"; };
		65912AEC225D1E7200F37508 /* RMCharacterLocation.swift */ = {isa = PBXFileReference; lastKnownFileType = sourcecode.swift; path = RMCharacterLocation.swift; sourceTree = "<group>"; };
		65912B0C225D35A600F37508 /* RMCharactersService.swift */ = {isa = PBXFileReference; lastKnownFileType = sourcecode.swift; path = RMCharactersService.swift; sourceTree = "<group>"; };
		6591EFCF2270D8C300C7502E /* FavoriteCell.xib */ = {isa = PBXFileReference; lastKnownFileType = file.xib; path = FavoriteCell.xib; sourceTree = "<group>"; };
		6591EFD12270D8D500C7502E /* FavoritesViewController.xib */ = {isa = PBXFileReference; lastKnownFileType = file.xib; path = FavoritesViewController.xib; sourceTree = "<group>"; };
		6591EFD32270D8E200C7502E /* SettingsViewController.xib */ = {isa = PBXFileReference; lastKnownFileType = file.xib; path = SettingsViewController.xib; sourceTree = "<group>"; };
		A40580FF8463F851878A0EA2 /* Pods_RickAndMortyCatalogTests.framework */ = {isa = PBXFileReference; explicitFileType = wrapper.framework; includeInIndex = 0; path = Pods_RickAndMortyCatalogTests.framework; sourceTree = BUILT_PRODUCTS_DIR; };
		B06B783FBB9B2ED15594D8F1 /* Pods-RickAndMortyCatalog.debug.xcconfig */ = {isa = PBXFileReference; includeInIndex = 1; lastKnownFileType = text.xcconfig; name = "Pods-RickAndMortyCatalog.debug.xcconfig"; path = "Target Support Files/Pods-RickAndMortyCatalog/Pods-RickAndMortyCatalog.debug.xcconfig"; sourceTree = "<group>"; };
		C82754B62518529268BB6207 /* Pods-RickAndMortyCatalogTests.debug.xcconfig */ = {isa = PBXFileReference; includeInIndex = 1; lastKnownFileType = text.xcconfig; name = "Pods-RickAndMortyCatalogTests.debug.xcconfig"; path = "Target Support Files/Pods-RickAndMortyCatalogTests/Pods-RickAndMortyCatalogTests.debug.xcconfig"; sourceTree = "<group>"; };
		E50C9CBD226DF29700588EBC /* GetCharacterMock.json */ = {isa = PBXFileReference; lastKnownFileType = text.json; path = GetCharacterMock.json; sourceTree = "<group>"; };
		E50C9CBF226DF67400588EBC /* RMCharacterInfo.swift */ = {isa = PBXFileReference; lastKnownFileType = sourcecode.swift; path = RMCharacterInfo.swift; sourceTree = "<group>"; };
		E50C9CC1226DF6FB00588EBC /* RMCharacterResponse.swift */ = {isa = PBXFileReference; lastKnownFileType = sourcecode.swift; path = RMCharacterResponse.swift; sourceTree = "<group>"; };
		E50C9D34226F4A0100588EBC /* NSErrorExtensions.swift */ = {isa = PBXFileReference; lastKnownFileType = sourcecode.swift; path = NSErrorExtensions.swift; sourceTree = "<group>"; };
		E50C9D3A226F4A5B00588EBC /* NetworkingService.swift */ = {isa = PBXFileReference; lastKnownFileType = sourcecode.swift; path = NetworkingService.swift; sourceTree = "<group>"; };
		E50C9D3E226F4A8800588EBC /* URLRequestDispatcherProtocol.swift */ = {isa = PBXFileReference; lastKnownFileType = sourcecode.swift; path = URLRequestDispatcherProtocol.swift; sourceTree = "<group>"; };
		E50C9D40226F4A9A00588EBC /* URLSessionDispatcher.swift */ = {isa = PBXFileReference; lastKnownFileType = sourcecode.swift; path = URLSessionDispatcher.swift; sourceTree = "<group>"; };
		E50C9D42226F4AB100588EBC /* URLRequestProtocol.swift */ = {isa = PBXFileReference; lastKnownFileType = sourcecode.swift; path = URLRequestProtocol.swift; sourceTree = "<group>"; };
		E50C9D44226F4ABD00588EBC /* URLRequestBuilder.swift */ = {isa = PBXFileReference; lastKnownFileType = sourcecode.swift; path = URLRequestBuilder.swift; sourceTree = "<group>"; };
		E50C9D46226F4AC800588EBC /* HTTPMethod.swift */ = {isa = PBXFileReference; lastKnownFileType = sourcecode.swift; path = HTTPMethod.swift; sourceTree = "<group>"; };
		E50C9D48226F4AD300588EBC /* URLRequestParameters.swift */ = {isa = PBXFileReference; lastKnownFileType = sourcecode.swift; path = URLRequestParameters.swift; sourceTree = "<group>"; };
		E50C9D4A226F4ADE00588EBC /* URLRequestAdapter.swift */ = {isa = PBXFileReference; lastKnownFileType = sourcecode.swift; path = URLRequestAdapter.swift; sourceTree = "<group>"; };
		E50C9D4C226F4AEA00588EBC /* URLRequestToken.swift */ = {isa = PBXFileReference; lastKnownFileType = sourcecode.swift; path = URLRequestToken.swift; sourceTree = "<group>"; };
		E50C9D4E226F4AF600588EBC /* URLRequestError.swift */ = {isa = PBXFileReference; lastKnownFileType = sourcecode.swift; path = URLRequestError.swift; sourceTree = "<group>"; };
		E50C9D51226F4E0900588EBC /* RMCharactersRequest.swift */ = {isa = PBXFileReference; lastKnownFileType = sourcecode.swift; path = RMCharactersRequest.swift; sourceTree = "<group>"; };
		E50C9D55226F5BB700588EBC /* ServiceError.swift */ = {isa = PBXFileReference; lastKnownFileType = sourcecode.swift; path = ServiceError.swift; sourceTree = "<group>"; };
		E50C9D58226F618000588EBC /* RMCharactersServiceMock.swift */ = {isa = PBXFileReference; lastKnownFileType = sourcecode.swift; path = RMCharactersServiceMock.swift; sourceTree = "<group>"; };
		E50C9D5A226F874F00588EBC /* CharacterDetailViewController.swift */ = {isa = PBXFileReference; lastKnownFileType = sourcecode.swift; path = CharacterDetailViewController.swift; sourceTree = "<group>"; };
		E50C9D5B226F874F00588EBC /* CharacterDetailViewController.xib */ = {isa = PBXFileReference; lastKnownFileType = file.xib; path = CharacterDetailViewController.xib; sourceTree = "<group>"; };
		E50C9D5E226FD66D00588EBC /* DependencyInjection.swift */ = {isa = PBXFileReference; lastKnownFileType = sourcecode.swift; path = DependencyInjection.swift; sourceTree = "<group>"; };
		E50C9D60226FD74D00588EBC /* NSObjectExtension.swift */ = {isa = PBXFileReference; lastKnownFileType = sourcecode.swift; path = NSObjectExtension.swift; sourceTree = "<group>"; };
		E50C9D62226FE02C00588EBC /* SimpleURLRequest.swift */ = {isa = PBXFileReference; lastKnownFileType = sourcecode.swift; path = SimpleURLRequest.swift; sourceTree = "<group>"; };
		E50C9D64226FE51900588EBC /* CharactersViewController.xib */ = {isa = PBXFileReference; lastKnownFileType = file.xib; path = CharactersViewController.xib; sourceTree = "<group>"; };
		E50C9D6D226FEEE700588EBC /* CharacterCell.swift */ = {isa = PBXFileReference; lastKnownFileType = sourcecode.swift; path = CharacterCell.swift; sourceTree = "<group>"; };
		E50C9D6E226FEEE700588EBC /* CharacterCell.xib */ = {isa = PBXFileReference; lastKnownFileType = file.xib; path = CharacterCell.xib; sourceTree = "<group>"; };
		E50C9D7522707D3500588EBC /* ImageService.swift */ = {isa = PBXFileReference; lastKnownFileType = sourcecode.swift; path = ImageService.swift; sourceTree = "<group>"; };
		E50C9D7822707E2400588EBC /* CacheService.swift */ = {isa = PBXFileReference; lastKnownFileType = sourcecode.swift; path = CacheService.swift; sourceTree = "<group>"; };
		E50C9D7A22707F8B00588EBC /* String+Encription.swift */ = {isa = PBXFileReference; lastKnownFileType = sourcecode.swift; path = "String+Encription.swift"; sourceTree = "<group>"; };
		E50C9D7F2270A9AD00588EBC /* RealmDatabase.swift */ = {isa = PBXFileReference; lastKnownFileType = sourcecode.swift; path = RealmDatabase.swift; sourceTree = "<group>"; };
		E50C9D832271616A00588EBC /* CharactersLogicController.swift */ = {isa = PBXFileReference; lastKnownFileType = sourcecode.swift; path = CharactersLogicController.swift; sourceTree = "<group>"; };
		E50C9D852271618600588EBC /* CharactersLogicControllerDelegate.swift */ = {isa = PBXFileReference; lastKnownFileType = sourcecode.swift; path = CharactersLogicControllerDelegate.swift; sourceTree = "<group>"; };
/* End PBXFileReference section */

/* Begin PBXFrameworksBuildPhase section */
		65912A75225CF1C400F37508 /* Frameworks */ = {
			isa = PBXFrameworksBuildPhase;
			buildActionMask = 2147483647;
			files = (
				3995102BC0AFEF307FE69EEA /* Pods_RickAndMortyCatalog.framework in Frameworks */,
			);
			runOnlyForDeploymentPostprocessing = 0;
		};
		65912A89225CF1C500F37508 /* Frameworks */ = {
			isa = PBXFrameworksBuildPhase;
			buildActionMask = 2147483647;
			files = (
				BFDB456DD162690DBC06803E /* Pods_RickAndMortyCatalogTests.framework in Frameworks */,
			);
			runOnlyForDeploymentPostprocessing = 0;
		};
		65912A94225CF1C500F37508 /* Frameworks */ = {
			isa = PBXFrameworksBuildPhase;
			buildActionMask = 2147483647;
			files = (
				1686156EAEDFD7974B12CAF9 /* Pods_RickAndMortyCatalogUITests.framework in Frameworks */,
			);
			runOnlyForDeploymentPostprocessing = 0;
		};
/* End PBXFrameworksBuildPhase section */

/* Begin PBXGroup section */
		6537485F2264E19800AC910E /* Character */ = {
			isa = PBXGroup;
			children = (
				E50C9D822271614700588EBC /* ViewController */,
				E50C9D812271613D00588EBC /* Logic */,
				E50C9D66226FE5FB00588EBC /* Cells */,
			);
			path = Character;
			sourceTree = "<group>";
		};
		653748602264E19F00AC910E /* Detail */ = {
			isa = PBXGroup;
			children = (
				E50C9D5A226F874F00588EBC /* CharacterDetailViewController.swift */,
				E50C9D5B226F874F00588EBC /* CharacterDetailViewController.xib */,
			);
			path = Detail;
			sourceTree = "<group>";
		};
		65912A6F225CF1C400F37508 = {
			isa = PBXGroup;
			children = (
				65912A7A225CF1C400F37508 /* RickAndMortyCatalog */,
				65912A8F225CF1C500F37508 /* RickAndMortyCatalogTests */,
				65912A9A225CF1C500F37508 /* RickAndMortyCatalogUITests */,
				65912A79225CF1C400F37508 /* Products */,
				9AC5C3F3DE8E1EAF447C82EA /* Pods */,
				F9B56FE2BCAA3347E9DB850A /* Frameworks */,
			);
			sourceTree = "<group>";
		};
		65912A79225CF1C400F37508 /* Products */ = {
			isa = PBXGroup;
			children = (
				65912A78225CF1C400F37508 /* RickAndMortyCatalog.app */,
				65912A8C225CF1C500F37508 /* RickAndMortyCatalogTests.xctest */,
				65912A97225CF1C500F37508 /* RickAndMortyCatalogUITests.xctest */,
			);
			name = Products;
			sourceTree = "<group>";
		};
		65912A7A225CF1C400F37508 /* RickAndMortyCatalog */ = {
			isa = PBXGroup;
			children = (
				65912AA9225CF28A00F37508 /* Application */,
				65912AAB225CF2C600F37508 /* Conveniences */,
				65912ABB225CFACA00F37508 /* Service */,
				65912ABE225CFBC800F37508 /* Models */,
				65912ABD225CFBC500F37508 /* Features */,
				E50C9CBB226DEFE300588EBC /* Supporting Files */,
			);
			path = RickAndMortyCatalog;
			sourceTree = "<group>";
		};
		65912A8F225CF1C500F37508 /* RickAndMortyCatalogTests */ = {
			isa = PBXGroup;
			children = (
				65912A90225CF1C500F37508 /* RickAndMortyCatalogTests.swift */,
				65912A92225CF1C500F37508 /* Info.plist */,
			);
			path = RickAndMortyCatalogTests;
			sourceTree = "<group>";
		};
		65912A9A225CF1C500F37508 /* RickAndMortyCatalogUITests */ = {
			isa = PBXGroup;
			children = (
				65912A9B225CF1C500F37508 /* RickAndMortyCatalogUITests.swift */,
				65912A9D225CF1C500F37508 /* Info.plist */,
			);
			path = RickAndMortyCatalogUITests;
			sourceTree = "<group>";
		};
		65912AA9225CF28A00F37508 /* Application */ = {
			isa = PBXGroup;
			children = (
				65912A7B225CF1C400F37508 /* AppDelegate.swift */,
				65912A87225CF1C500F37508 /* Info.plist */,
			);
			path = Application;
			sourceTree = "<group>";
		};
		65912AAB225CF2C600F37508 /* Conveniences */ = {
			isa = PBXGroup;
			children = (
				E50C9D7C2270A12F00588EBC /* Persistency */,
				E50C9D7722707E1900588EBC /* Cache */,
				E50C9D33226F49D000588EBC /* Networking */,
				65912AFC225D2AA600F37508 /* Protocols */,
				65912AB8225CF48000F37508 /* Enums */,
				65912AB1225CF43000F37508 /* JSON */,
				65912AAE225CF2ED00F37508 /* Extensions */,
				65912AAC225CF2D600F37508 /* Helpers */,
				65912B09225D331400F37508 /* UI Components */,
			);
			path = Conveniences;
			sourceTree = "<group>";
		};
		65912AAC225CF2D600F37508 /* Helpers */ = {
			isa = PBXGroup;
			children = (
				65912AB4225CF45100F37508 /* AlertHelper.swift */,
				65912AB6225CF46100F37508 /* ErrorHelper.swift */,
			);
			path = Helpers;
			sourceTree = "<group>";
		};
		65912AAE225CF2ED00F37508 /* Extensions */ = {
			isa = PBXGroup;
			children = (
				6576A389226623EB00571620 /* UICollectionViewCell+Identifier.swift */,
				6576A3912266370A00571620 /* UIView+Loadable.swift */,
				6576A3952266413200571620 /* UIView+Emptiable.swift */,
				E50C9D34226F4A0100588EBC /* NSErrorExtensions.swift */,
				E50C9D60226FD74D00588EBC /* NSObjectExtension.swift */,
				E50C9D7A22707F8B00588EBC /* String+Encription.swift */,
			);
			path = Extensions;
			sourceTree = "<group>";
		};
		65912AB1225CF43000F37508 /* JSON */ = {
			isa = PBXGroup;
			children = (
				65912AB2225CF43C00F37508 /* JSON.swift */,
			);
			path = JSON;
			sourceTree = "<group>";
		};
		65912AB8225CF48000F37508 /* Enums */ = {
			isa = PBXGroup;
			children = (
				65912AB9225CF49200F37508 /* ErrorTypes.swift */,
			);
			path = Enums;
			sourceTree = "<group>";
		};
		65912ABB225CFACA00F37508 /* Service */ = {
			isa = PBXGroup;
			children = (
				E50C9D7422707D2200588EBC /* Images */,
				E50C9D50226F4DF400588EBC /* RMCharacters */,
				E50C9D55226F5BB700588EBC /* ServiceError.swift */,
			);
			path = Service;
			sourceTree = "<group>";
		};
		65912ABD225CFBC500F37508 /* Features */ = {
			isa = PBXGroup;
			children = (
				65912ACA225CFDCF00F37508 /* Characters */,
				65912AD7225D08DA00F37508 /* Favorites */,
				65912AD6225D08D700F37508 /* Settings */,
				E50C9D5E226FD66D00588EBC /* DependencyInjection.swift */,
			);
			path = Features;
			sourceTree = "<group>";
		};
		65912ABE225CFBC800F37508 /* Models */ = {
			isa = PBXGroup;
			children = (
				65912AE9225D1BF900F37508 /* Character */,
			);
			path = Models;
			sourceTree = "<group>";
		};
		65912ACA225CFDCF00F37508 /* Characters */ = {
			isa = PBXGroup;
			children = (
				6537485F2264E19800AC910E /* Character */,
				653748602264E19F00AC910E /* Detail */,
			);
			path = Characters;
			sourceTree = "<group>";
		};
		65912AD6225D08D700F37508 /* Settings */ = {
			isa = PBXGroup;
			children = (
				65912ADA225D090700F37508 /* SettingsViewController.swift */,
				6591EFD32270D8E200C7502E /* SettingsViewController.xib */,
			);
			path = Settings;
			sourceTree = "<group>";
		};
		65912AD7225D08DA00F37508 /* Favorites */ = {
			isa = PBXGroup;
			children = (
				6591EFCE2270D86000C7502E /* Cells */,
				65912AD8225D08FC00F37508 /* FavoritesViewController.swift */,
				6591EFD12270D8D500C7502E /* FavoritesViewController.xib */,
			);
			path = Favorites;
			sourceTree = "<group>";
		};
		65912AE9225D1BF900F37508 /* Character */ = {
			isa = PBXGroup;
			children = (
				E50C9CC1226DF6FB00588EBC /* RMCharacterResponse.swift */,
				E50C9CBF226DF67400588EBC /* RMCharacterInfo.swift */,
				65912AE4225D1B7500F37508 /* RMCharacter.swift */,
				65912AEA225D1E0C00F37508 /* RMCharacterOrigin.swift */,
				65912AEC225D1E7200F37508 /* RMCharacterLocation.swift */,
			);
			path = Character;
			sourceTree = "<group>";
		};
		65912AFC225D2AA600F37508 /* Protocols */ = {
			isa = PBXGroup;
			children = (
			);
			path = Protocols;
			sourceTree = "<group>";
		};
		65912B09225D331400F37508 /* UI Components */ = {
			isa = PBXGroup;
			children = (
			);
			path = "UI Components";
			sourceTree = "<group>";
		};
		6591EFCE2270D86000C7502E /* Cells */ = {
			isa = PBXGroup;
			children = (
				658032412264FC39000FCAB9 /* FavoriteCell.swift */,
				6591EFCF2270D8C300C7502E /* FavoriteCell.xib */,
			);
			path = Cells;
			sourceTree = "<group>";
		};
		9AC5C3F3DE8E1EAF447C82EA /* Pods */ = {
			isa = PBXGroup;
			children = (
				B06B783FBB9B2ED15594D8F1 /* Pods-RickAndMortyCatalog.debug.xcconfig */,
				5122440E45AD6D5ABF6FE029 /* Pods-RickAndMortyCatalog.release.xcconfig */,
				C82754B62518529268BB6207 /* Pods-RickAndMortyCatalogTests.debug.xcconfig */,
				457EBC460303FD9226D0FED7 /* Pods-RickAndMortyCatalogTests.release.xcconfig */,
				5500136B425F93B4E9C513A7 /* Pods-RickAndMortyCatalogUITests.debug.xcconfig */,
				21765CD5AE9A6488087B8C61 /* Pods-RickAndMortyCatalogUITests.release.xcconfig */,
			);
			path = Pods;
			sourceTree = "<group>";
		};
		E50C9CBB226DEFE300588EBC /* Supporting Files */ = {
			isa = PBXGroup;
			children = (
				E50C9CBC226DF27000588EBC /* MockJSONs */,
				65912A82225CF1C500F37508 /* Assets.xcassets */,
				65912A84225CF1C500F37508 /* LaunchScreen.storyboard */,
			);
			path = "Supporting Files";
			sourceTree = "<group>";
		};
		E50C9CBC226DF27000588EBC /* MockJSONs */ = {
			isa = PBXGroup;
			children = (
				E50C9CBD226DF29700588EBC /* GetCharacterMock.json */,
			);
			path = MockJSONs;
			sourceTree = "<group>";
		};
		E50C9D33226F49D000588EBC /* Networking */ = {
			isa = PBXGroup;
			children = (
				E50C9D39226F4A5300588EBC /* Service */,
				E50C9D3C226F4A6800588EBC /* Dispatcher */,
				E50C9D3D226F4A7300588EBC /* URLRequests */,
			);
			path = Networking;
			sourceTree = "<group>";
		};
		E50C9D39226F4A5300588EBC /* Service */ = {
			isa = PBXGroup;
			children = (
				E50C9D3A226F4A5B00588EBC /* NetworkingService.swift */,
			);
			path = Service;
			sourceTree = "<group>";
		};
		E50C9D3C226F4A6800588EBC /* Dispatcher */ = {
			isa = PBXGroup;
			children = (
				E50C9D3E226F4A8800588EBC /* URLRequestDispatcherProtocol.swift */,
				E50C9D40226F4A9A00588EBC /* URLSessionDispatcher.swift */,
			);
			path = Dispatcher;
			sourceTree = "<group>";
		};
		E50C9D3D226F4A7300588EBC /* URLRequests */ = {
			isa = PBXGroup;
			children = (
				E50C9D42226F4AB100588EBC /* URLRequestProtocol.swift */,
				E50C9D44226F4ABD00588EBC /* URLRequestBuilder.swift */,
				E50C9D46226F4AC800588EBC /* HTTPMethod.swift */,
				E50C9D48226F4AD300588EBC /* URLRequestParameters.swift */,
				E50C9D4A226F4ADE00588EBC /* URLRequestAdapter.swift */,
				E50C9D4C226F4AEA00588EBC /* URLRequestToken.swift */,
				E50C9D4E226F4AF600588EBC /* URLRequestError.swift */,
				E50C9D62226FE02C00588EBC /* SimpleURLRequest.swift */,
			);
			path = URLRequests;
			sourceTree = "<group>";
		};
		E50C9D50226F4DF400588EBC /* RMCharacters */ = {
			isa = PBXGroup;
			children = (
				E50C9D57226F616900588EBC /* Mock */,
				65912B0C225D35A600F37508 /* RMCharactersService.swift */,
				E50C9D51226F4E0900588EBC /* RMCharactersRequest.swift */,
			);
			path = RMCharacters;
			sourceTree = "<group>";
		};
		E50C9D57226F616900588EBC /* Mock */ = {
			isa = PBXGroup;
			children = (
				E50C9D58226F618000588EBC /* RMCharactersServiceMock.swift */,
			);
			path = Mock;
			sourceTree = "<group>";
		};
		E50C9D66226FE5FB00588EBC /* Cells */ = {
			isa = PBXGroup;
			children = (
				E50C9D6D226FEEE700588EBC /* CharacterCell.swift */,
				E50C9D6E226FEEE700588EBC /* CharacterCell.xib */,
			);
			path = Cells;
			sourceTree = "<group>";
		};
		E50C9D7422707D2200588EBC /* Images */ = {
			isa = PBXGroup;
			children = (
				E50C9D7522707D3500588EBC /* ImageService.swift */,
			);
			path = Images;
			sourceTree = "<group>";
		};
		E50C9D7722707E1900588EBC /* Cache */ = {
			isa = PBXGroup;
			children = (
				E50C9D7822707E2400588EBC /* CacheService.swift */,
			);
			path = Cache;
			sourceTree = "<group>";
		};
		E50C9D7C2270A12F00588EBC /* Persistency */ = {
			isa = PBXGroup;
			children = (
				E50C9D7F2270A9AD00588EBC /* RealmDatabase.swift */,
			);
			path = Persistency;
			sourceTree = "<group>";
		};
		E50C9D812271613D00588EBC /* Logic */ = {
			isa = PBXGroup;
			children = (
				E50C9D832271616A00588EBC /* CharactersLogicController.swift */,
				E50C9D852271618600588EBC /* CharactersLogicControllerDelegate.swift */,
			);
			path = Logic;
			sourceTree = "<group>";
		};
		E50C9D822271614700588EBC /* ViewController */ = {
			isa = PBXGroup;
			children = (
				65912AC2225CFD9A00F37508 /* CharactersViewController.swift */,
				E50C9D64226FE51900588EBC /* CharactersViewController.xib */,
			);
			path = ViewController;
			sourceTree = "<group>";
		};
		F9B56FE2BCAA3347E9DB850A /* Frameworks */ = {
			isa = PBXGroup;
			children = (
				2791398DF094DC4A4D9CB139 /* Pods_RickAndMortyCatalog.framework */,
				A40580FF8463F851878A0EA2 /* Pods_RickAndMortyCatalogTests.framework */,
				3B3EF03A9023914565E5C8AE /* Pods_RickAndMortyCatalogUITests.framework */,
			);
			name = Frameworks;
			sourceTree = "<group>";
		};
/* End PBXGroup section */

/* Begin PBXNativeTarget section */
		65912A77225CF1C400F37508 /* RickAndMortyCatalog */ = {
			isa = PBXNativeTarget;
			buildConfigurationList = 65912AA0225CF1C500F37508 /* Build configuration list for PBXNativeTarget "RickAndMortyCatalog" */;
			buildPhases = (
				63EA254112AE9C6AB5291A7A /* [CP] Check Pods Manifest.lock */,
				65912A74225CF1C400F37508 /* Sources */,
				65912A75225CF1C400F37508 /* Frameworks */,
				65912A76225CF1C400F37508 /* Resources */,
				2106D6D026BBEE3CE365415E /* [CP] Embed Pods Frameworks */,
			);
			buildRules = (
			);
			dependencies = (
			);
			name = RickAndMortyCatalog;
			productName = RickAndMortyCatalog;
			productReference = 65912A78225CF1C400F37508 /* RickAndMortyCatalog.app */;
			productType = "com.apple.product-type.application";
		};
		65912A8B225CF1C500F37508 /* RickAndMortyCatalogTests */ = {
			isa = PBXNativeTarget;
			buildConfigurationList = 65912AA3225CF1C500F37508 /* Build configuration list for PBXNativeTarget "RickAndMortyCatalogTests" */;
			buildPhases = (
				DF3BC605CE0F1EFA53413591 /* [CP] Check Pods Manifest.lock */,
				65912A88225CF1C500F37508 /* Sources */,
				65912A89225CF1C500F37508 /* Frameworks */,
				65912A8A225CF1C500F37508 /* Resources */,
			);
			buildRules = (
			);
			dependencies = (
				65912A8E225CF1C500F37508 /* PBXTargetDependency */,
			);
			name = RickAndMortyCatalogTests;
			productName = RickAndMortyCatalogTests;
			productReference = 65912A8C225CF1C500F37508 /* RickAndMortyCatalogTests.xctest */;
			productType = "com.apple.product-type.bundle.unit-test";
		};
		65912A96225CF1C500F37508 /* RickAndMortyCatalogUITests */ = {
			isa = PBXNativeTarget;
			buildConfigurationList = 65912AA6225CF1C500F37508 /* Build configuration list for PBXNativeTarget "RickAndMortyCatalogUITests" */;
			buildPhases = (
				891CB8EFC2F505C751A4F3F3 /* [CP] Check Pods Manifest.lock */,
				65912A93225CF1C500F37508 /* Sources */,
				65912A94225CF1C500F37508 /* Frameworks */,
				65912A95225CF1C500F37508 /* Resources */,
			);
			buildRules = (
			);
			dependencies = (
				65912A99225CF1C500F37508 /* PBXTargetDependency */,
			);
			name = RickAndMortyCatalogUITests;
			productName = RickAndMortyCatalogUITests;
			productReference = 65912A97225CF1C500F37508 /* RickAndMortyCatalogUITests.xctest */;
			productType = "com.apple.product-type.bundle.ui-testing";
		};
/* End PBXNativeTarget section */

/* Begin PBXProject section */
		65912A70225CF1C400F37508 /* Project object */ = {
			isa = PBXProject;
			attributes = {
				LastSwiftUpdateCheck = 1020;
				LastUpgradeCheck = 1020;
				ORGANIZATIONNAME = "Andre Sanches Bocato";
				TargetAttributes = {
					65912A77225CF1C400F37508 = {
						CreatedOnToolsVersion = 10.2;
					};
					65912A8B225CF1C500F37508 = {
						CreatedOnToolsVersion = 10.2;
						TestTargetID = 65912A77225CF1C400F37508;
					};
					65912A96225CF1C500F37508 = {
						CreatedOnToolsVersion = 10.2;
						TestTargetID = 65912A77225CF1C400F37508;
					};
				};
			};
			buildConfigurationList = 65912A73225CF1C400F37508 /* Build configuration list for PBXProject "RickAndMortyCatalog" */;
			compatibilityVersion = "Xcode 9.3";
			developmentRegion = en;
			hasScannedForEncodings = 0;
			knownRegions = (
				en,
				Base,
			);
			mainGroup = 65912A6F225CF1C400F37508;
			productRefGroup = 65912A79225CF1C400F37508 /* Products */;
			projectDirPath = "";
			projectRoot = "";
			targets = (
				65912A77225CF1C400F37508 /* RickAndMortyCatalog */,
				65912A8B225CF1C500F37508 /* RickAndMortyCatalogTests */,
				65912A96225CF1C500F37508 /* RickAndMortyCatalogUITests */,
			);
		};
/* End PBXProject section */

/* Begin PBXResourcesBuildPhase section */
		65912A76225CF1C400F37508 /* Resources */ = {
			isa = PBXResourcesBuildPhase;
			buildActionMask = 2147483647;
			files = (
				E50C9D65226FE51900588EBC /* CharactersViewController.xib in Resources */,
				6591EFD02270D8C300C7502E /* FavoriteCell.xib in Resources */,
				65912A86225CF1C500F37508 /* LaunchScreen.storyboard in Resources */,
				65912A83225CF1C500F37508 /* Assets.xcassets in Resources */,
				6591EFD22270D8D500C7502E /* FavoritesViewController.xib in Resources */,
				E50C9D5D226F874F00588EBC /* CharacterDetailViewController.xib in Resources */,
				E50C9CBE226DF29700588EBC /* GetCharacterMock.json in Resources */,
				E50C9D70226FEEE700588EBC /* CharacterCell.xib in Resources */,
				6591EFD42270D8E200C7502E /* SettingsViewController.xib in Resources */,
			);
			runOnlyForDeploymentPostprocessing = 0;
		};
		65912A8A225CF1C500F37508 /* Resources */ = {
			isa = PBXResourcesBuildPhase;
			buildActionMask = 2147483647;
			files = (
			);
			runOnlyForDeploymentPostprocessing = 0;
		};
		65912A95225CF1C500F37508 /* Resources */ = {
			isa = PBXResourcesBuildPhase;
			buildActionMask = 2147483647;
			files = (
			);
			runOnlyForDeploymentPostprocessing = 0;
		};
/* End PBXResourcesBuildPhase section */

/* Begin PBXShellScriptBuildPhase section */
		2106D6D026BBEE3CE365415E /* [CP] Embed Pods Frameworks */ = {
			isa = PBXShellScriptBuildPhase;
			buildActionMask = 2147483647;
			files = (
			);
			inputFileListPaths = (
			);
			inputPaths = (
				"${PODS_ROOT}/Target Support Files/Pods-RickAndMortyCatalog/Pods-RickAndMortyCatalog-frameworks.sh",
				"${BUILT_PRODUCTS_DIR}/Realm/Realm.framework",
				"${BUILT_PRODUCTS_DIR}/RealmSwift/RealmSwift.framework",
			);
			name = "[CP] Embed Pods Frameworks";
			outputFileListPaths = (
			);
			outputPaths = (
				"${TARGET_BUILD_DIR}/${FRAMEWORKS_FOLDER_PATH}/Realm.framework",
				"${TARGET_BUILD_DIR}/${FRAMEWORKS_FOLDER_PATH}/RealmSwift.framework",
			);
			runOnlyForDeploymentPostprocessing = 0;
			shellPath = /bin/sh;
			shellScript = "\"${PODS_ROOT}/Target Support Files/Pods-RickAndMortyCatalog/Pods-RickAndMortyCatalog-frameworks.sh\"\n";
			showEnvVarsInLog = 0;
		};
		63EA254112AE9C6AB5291A7A /* [CP] Check Pods Manifest.lock */ = {
			isa = PBXShellScriptBuildPhase;
			buildActionMask = 2147483647;
			files = (
			);
			inputFileListPaths = (
			);
			inputPaths = (
				"${PODS_PODFILE_DIR_PATH}/Podfile.lock",
				"${PODS_ROOT}/Manifest.lock",
			);
			name = "[CP] Check Pods Manifest.lock";
			outputFileListPaths = (
			);
			outputPaths = (
				"$(DERIVED_FILE_DIR)/Pods-RickAndMortyCatalog-checkManifestLockResult.txt",
			);
			runOnlyForDeploymentPostprocessing = 0;
			shellPath = /bin/sh;
			shellScript = "diff \"${PODS_PODFILE_DIR_PATH}/Podfile.lock\" \"${PODS_ROOT}/Manifest.lock\" > /dev/null\nif [ $? != 0 ] ; then\n    # print error to STDERR\n    echo \"error: The sandbox is not in sync with the Podfile.lock. Run 'pod install' or update your CocoaPods installation.\" >&2\n    exit 1\nfi\n# This output is used by Xcode 'outputs' to avoid re-running this script phase.\necho \"SUCCESS\" > \"${SCRIPT_OUTPUT_FILE_0}\"\n";
			showEnvVarsInLog = 0;
		};
		891CB8EFC2F505C751A4F3F3 /* [CP] Check Pods Manifest.lock */ = {
			isa = PBXShellScriptBuildPhase;
			buildActionMask = 2147483647;
			files = (
			);
			inputFileListPaths = (
			);
			inputPaths = (
				"${PODS_PODFILE_DIR_PATH}/Podfile.lock",
				"${PODS_ROOT}/Manifest.lock",
			);
			name = "[CP] Check Pods Manifest.lock";
			outputFileListPaths = (
			);
			outputPaths = (
				"$(DERIVED_FILE_DIR)/Pods-RickAndMortyCatalogUITests-checkManifestLockResult.txt",
			);
			runOnlyForDeploymentPostprocessing = 0;
			shellPath = /bin/sh;
			shellScript = "diff \"${PODS_PODFILE_DIR_PATH}/Podfile.lock\" \"${PODS_ROOT}/Manifest.lock\" > /dev/null\nif [ $? != 0 ] ; then\n    # print error to STDERR\n    echo \"error: The sandbox is not in sync with the Podfile.lock. Run 'pod install' or update your CocoaPods installation.\" >&2\n    exit 1\nfi\n# This output is used by Xcode 'outputs' to avoid re-running this script phase.\necho \"SUCCESS\" > \"${SCRIPT_OUTPUT_FILE_0}\"\n";
			showEnvVarsInLog = 0;
		};
		DF3BC605CE0F1EFA53413591 /* [CP] Check Pods Manifest.lock */ = {
			isa = PBXShellScriptBuildPhase;
			buildActionMask = 2147483647;
			files = (
			);
			inputFileListPaths = (
			);
			inputPaths = (
				"${PODS_PODFILE_DIR_PATH}/Podfile.lock",
				"${PODS_ROOT}/Manifest.lock",
			);
			name = "[CP] Check Pods Manifest.lock";
			outputFileListPaths = (
			);
			outputPaths = (
				"$(DERIVED_FILE_DIR)/Pods-RickAndMortyCatalogTests-checkManifestLockResult.txt",
			);
			runOnlyForDeploymentPostprocessing = 0;
			shellPath = /bin/sh;
			shellScript = "diff \"${PODS_PODFILE_DIR_PATH}/Podfile.lock\" \"${PODS_ROOT}/Manifest.lock\" > /dev/null\nif [ $? != 0 ] ; then\n    # print error to STDERR\n    echo \"error: The sandbox is not in sync with the Podfile.lock. Run 'pod install' or update your CocoaPods installation.\" >&2\n    exit 1\nfi\n# This output is used by Xcode 'outputs' to avoid re-running this script phase.\necho \"SUCCESS\" > \"${SCRIPT_OUTPUT_FILE_0}\"\n";
			showEnvVarsInLog = 0;
		};
/* End PBXShellScriptBuildPhase section */

/* Begin PBXSourcesBuildPhase section */
		65912A74225CF1C400F37508 /* Sources */ = {
			isa = PBXSourcesBuildPhase;
			buildActionMask = 2147483647;
			files = (
				658032422264FC39000FCAB9 /* FavoriteCell.swift in Sources */,
				65912AE5225D1B7500F37508 /* RMCharacter.swift in Sources */,
				65912AC3225CFD9A00F37508 /* CharactersViewController.swift in Sources */,
				65912AD9225D08FC00F37508 /* FavoritesViewController.swift in Sources */,
				E50C9D3F226F4A8800588EBC /* URLRequestDispatcherProtocol.swift in Sources */,
				E50C9D52226F4E0900588EBC /* RMCharactersRequest.swift in Sources */,
				E50C9D3B226F4A5B00588EBC /* NetworkingService.swift in Sources */,
				65912A7C225CF1C400F37508 /* AppDelegate.swift in Sources */,
				E50C9D56226F5BB700588EBC /* ServiceError.swift in Sources */,
				E50C9D47226F4AC800588EBC /* HTTPMethod.swift in Sources */,
				E50C9CC0226DF67400588EBC /* RMCharacterInfo.swift in Sources */,
				E50C9D7922707E2400588EBC /* CacheService.swift in Sources */,
				E50C9D802270A9AD00588EBC /* RealmDatabase.swift in Sources */,
				E50C9D59226F618000588EBC /* RMCharactersServiceMock.swift in Sources */,
				E50C9D4B226F4ADE00588EBC /* URLRequestAdapter.swift in Sources */,
				E50C9D49226F4AD300588EBC /* URLRequestParameters.swift in Sources */,
				65912ADB225D090700F37508 /* SettingsViewController.swift in Sources */,
				6576A38A226623EB00571620 /* UICollectionViewCell+Identifier.swift in Sources */,
				65912AB5225CF45100F37508 /* AlertHelper.swift in Sources */,
				E50C9D41226F4A9A00588EBC /* URLSessionDispatcher.swift in Sources */,
				E50C9CC2226DF6FB00588EBC /* RMCharacterResponse.swift in Sources */,
				E50C9D63226FE02C00588EBC /* SimpleURLRequest.swift in Sources */,
				E50C9D7B22707F8B00588EBC /* String+Encription.swift in Sources */,
				E50C9D5F226FD66D00588EBC /* DependencyInjection.swift in Sources */,
				6576A3922266370A00571620 /* UIView+Loadable.swift in Sources */,
				6576A3962266413200571620 /* UIView+Emptiable.swift in Sources */,
				65912AB7225CF46100F37508 /* ErrorHelper.swift in Sources */,
				E50C9D4F226F4AF600588EBC /* URLRequestError.swift in Sources */,
				E50C9D43226F4AB100588EBC /* URLRequestProtocol.swift in Sources */,
				E50C9D45226F4ABD00588EBC /* URLRequestBuilder.swift in Sources */,
				E50C9D61226FD74D00588EBC /* NSObjectExtension.swift in Sources */,
				65912AB3225CF43C00F37508 /* JSON.swift in Sources */,
				65912ABA225CF49200F37508 /* ErrorTypes.swift in Sources */,
				65912B0D225D35A600F37508 /* RMCharactersService.swift in Sources */,
				E50C9D842271616A00588EBC /* CharactersLogicController.swift in Sources */,
				E50C9D7622707D3500588EBC /* ImageService.swift in Sources */,
				E50C9D5C226F874F00588EBC /* CharacterDetailViewController.swift in Sources */,
				E50C9D6F226FEEE700588EBC /* CharacterCell.swift in Sources */,
				E50C9D862271618600588EBC /* CharactersLogicControllerDelegate.swift in Sources */,
				E50C9D35226F4A0100588EBC /* NSErrorExtensions.swift in Sources */,
				E50C9D4D226F4AEA00588EBC /* URLRequestToken.swift in Sources */,
				65912AEB225D1E0C00F37508 /* RMCharacterOrigin.swift in Sources */,
				65912AED225D1E7200F37508 /* RMCharacterLocation.swift in Sources */,
			);
			runOnlyForDeploymentPostprocessing = 0;
		};
		65912A88225CF1C500F37508 /* Sources */ = {
			isa = PBXSourcesBuildPhase;
			buildActionMask = 2147483647;
			files = (
				65912A91225CF1C500F37508 /* RickAndMortyCatalogTests.swift in Sources */,
			);
			runOnlyForDeploymentPostprocessing = 0;
		};
		65912A93225CF1C500F37508 /* Sources */ = {
			isa = PBXSourcesBuildPhase;
			buildActionMask = 2147483647;
			files = (
				65912A9C225CF1C500F37508 /* RickAndMortyCatalogUITests.swift in Sources */,
			);
			runOnlyForDeploymentPostprocessing = 0;
		};
/* End PBXSourcesBuildPhase section */

/* Begin PBXTargetDependency section */
		65912A8E225CF1C500F37508 /* PBXTargetDependency */ = {
			isa = PBXTargetDependency;
			target = 65912A77225CF1C400F37508 /* RickAndMortyCatalog */;
			targetProxy = 65912A8D225CF1C500F37508 /* PBXContainerItemProxy */;
		};
		65912A99225CF1C500F37508 /* PBXTargetDependency */ = {
			isa = PBXTargetDependency;
			target = 65912A77225CF1C400F37508 /* RickAndMortyCatalog */;
			targetProxy = 65912A98225CF1C500F37508 /* PBXContainerItemProxy */;
		};
/* End PBXTargetDependency section */

/* Begin PBXVariantGroup section */
		65912A84225CF1C500F37508 /* LaunchScreen.storyboard */ = {
			isa = PBXVariantGroup;
			children = (
				65912A85225CF1C500F37508 /* Base */,
			);
			name = LaunchScreen.storyboard;
			sourceTree = "<group>";
		};
/* End PBXVariantGroup section */

/* Begin XCBuildConfiguration section */
		65912A9E225CF1C500F37508 /* Debug */ = {
			isa = XCBuildConfiguration;
			buildSettings = {
				ALWAYS_SEARCH_USER_PATHS = NO;
				CLANG_ANALYZER_NONNULL = YES;
				CLANG_ANALYZER_NUMBER_OBJECT_CONVERSION = YES_AGGRESSIVE;
				CLANG_CXX_LANGUAGE_STANDARD = "gnu++14";
				CLANG_CXX_LIBRARY = "libc++";
				CLANG_ENABLE_MODULES = YES;
				CLANG_ENABLE_OBJC_ARC = YES;
				CLANG_ENABLE_OBJC_WEAK = YES;
				CLANG_WARN_BLOCK_CAPTURE_AUTORELEASING = YES;
				CLANG_WARN_BOOL_CONVERSION = YES;
				CLANG_WARN_COMMA = YES;
				CLANG_WARN_CONSTANT_CONVERSION = YES;
				CLANG_WARN_DEPRECATED_OBJC_IMPLEMENTATIONS = YES;
				CLANG_WARN_DIRECT_OBJC_ISA_USAGE = YES_ERROR;
				CLANG_WARN_DOCUMENTATION_COMMENTS = YES;
				CLANG_WARN_EMPTY_BODY = YES;
				CLANG_WARN_ENUM_CONVERSION = YES;
				CLANG_WARN_INFINITE_RECURSION = YES;
				CLANG_WARN_INT_CONVERSION = YES;
				CLANG_WARN_NON_LITERAL_NULL_CONVERSION = YES;
				CLANG_WARN_OBJC_IMPLICIT_RETAIN_SELF = YES;
				CLANG_WARN_OBJC_LITERAL_CONVERSION = YES;
				CLANG_WARN_OBJC_ROOT_CLASS = YES_ERROR;
				CLANG_WARN_RANGE_LOOP_ANALYSIS = YES;
				CLANG_WARN_STRICT_PROTOTYPES = YES;
				CLANG_WARN_SUSPICIOUS_MOVE = YES;
				CLANG_WARN_UNGUARDED_AVAILABILITY = YES_AGGRESSIVE;
				CLANG_WARN_UNREACHABLE_CODE = YES;
				CLANG_WARN__DUPLICATE_METHOD_MATCH = YES;
				CODE_SIGN_IDENTITY = "iPhone Developer";
				COPY_PHASE_STRIP = NO;
				DEBUG_INFORMATION_FORMAT = dwarf;
				ENABLE_STRICT_OBJC_MSGSEND = YES;
				ENABLE_TESTABILITY = YES;
				GCC_C_LANGUAGE_STANDARD = gnu11;
				GCC_DYNAMIC_NO_PIC = NO;
				GCC_NO_COMMON_BLOCKS = YES;
				GCC_OPTIMIZATION_LEVEL = 0;
				GCC_PREPROCESSOR_DEFINITIONS = (
					"DEBUG=1",
					"$(inherited)",
				);
				GCC_WARN_64_TO_32_BIT_CONVERSION = YES;
				GCC_WARN_ABOUT_RETURN_TYPE = YES_ERROR;
				GCC_WARN_UNDECLARED_SELECTOR = YES;
				GCC_WARN_UNINITIALIZED_AUTOS = YES_AGGRESSIVE;
				GCC_WARN_UNUSED_FUNCTION = YES;
				GCC_WARN_UNUSED_VARIABLE = YES;
				IPHONEOS_DEPLOYMENT_TARGET = 12.2;
				MTL_ENABLE_DEBUG_INFO = INCLUDE_SOURCE;
				MTL_FAST_MATH = YES;
				ONLY_ACTIVE_ARCH = YES;
				SDKROOT = iphoneos;
				SWIFT_ACTIVE_COMPILATION_CONDITIONS = DEBUG;
				SWIFT_OPTIMIZATION_LEVEL = "-Onone";
			};
			name = Debug;
		};
		65912A9F225CF1C500F37508 /* Release */ = {
			isa = XCBuildConfiguration;
			buildSettings = {
				ALWAYS_SEARCH_USER_PATHS = NO;
				CLANG_ANALYZER_NONNULL = YES;
				CLANG_ANALYZER_NUMBER_OBJECT_CONVERSION = YES_AGGRESSIVE;
				CLANG_CXX_LANGUAGE_STANDARD = "gnu++14";
				CLANG_CXX_LIBRARY = "libc++";
				CLANG_ENABLE_MODULES = YES;
				CLANG_ENABLE_OBJC_ARC = YES;
				CLANG_ENABLE_OBJC_WEAK = YES;
				CLANG_WARN_BLOCK_CAPTURE_AUTORELEASING = YES;
				CLANG_WARN_BOOL_CONVERSION = YES;
				CLANG_WARN_COMMA = YES;
				CLANG_WARN_CONSTANT_CONVERSION = YES;
				CLANG_WARN_DEPRECATED_OBJC_IMPLEMENTATIONS = YES;
				CLANG_WARN_DIRECT_OBJC_ISA_USAGE = YES_ERROR;
				CLANG_WARN_DOCUMENTATION_COMMENTS = YES;
				CLANG_WARN_EMPTY_BODY = YES;
				CLANG_WARN_ENUM_CONVERSION = YES;
				CLANG_WARN_INFINITE_RECURSION = YES;
				CLANG_WARN_INT_CONVERSION = YES;
				CLANG_WARN_NON_LITERAL_NULL_CONVERSION = YES;
				CLANG_WARN_OBJC_IMPLICIT_RETAIN_SELF = YES;
				CLANG_WARN_OBJC_LITERAL_CONVERSION = YES;
				CLANG_WARN_OBJC_ROOT_CLASS = YES_ERROR;
				CLANG_WARN_RANGE_LOOP_ANALYSIS = YES;
				CLANG_WARN_STRICT_PROTOTYPES = YES;
				CLANG_WARN_SUSPICIOUS_MOVE = YES;
				CLANG_WARN_UNGUARDED_AVAILABILITY = YES_AGGRESSIVE;
				CLANG_WARN_UNREACHABLE_CODE = YES;
				CLANG_WARN__DUPLICATE_METHOD_MATCH = YES;
				CODE_SIGN_IDENTITY = "iPhone Developer";
				COPY_PHASE_STRIP = NO;
				DEBUG_INFORMATION_FORMAT = "dwarf-with-dsym";
				ENABLE_NS_ASSERTIONS = NO;
				ENABLE_STRICT_OBJC_MSGSEND = YES;
				GCC_C_LANGUAGE_STANDARD = gnu11;
				GCC_NO_COMMON_BLOCKS = YES;
				GCC_WARN_64_TO_32_BIT_CONVERSION = YES;
				GCC_WARN_ABOUT_RETURN_TYPE = YES_ERROR;
				GCC_WARN_UNDECLARED_SELECTOR = YES;
				GCC_WARN_UNINITIALIZED_AUTOS = YES_AGGRESSIVE;
				GCC_WARN_UNUSED_FUNCTION = YES;
				GCC_WARN_UNUSED_VARIABLE = YES;
				IPHONEOS_DEPLOYMENT_TARGET = 12.2;
				MTL_ENABLE_DEBUG_INFO = NO;
				MTL_FAST_MATH = YES;
				SDKROOT = iphoneos;
				SWIFT_COMPILATION_MODE = wholemodule;
				SWIFT_OPTIMIZATION_LEVEL = "-O";
				VALIDATE_PRODUCT = YES;
			};
			name = Release;
		};
		65912AA1225CF1C500F37508 /* Debug */ = {
			isa = XCBuildConfiguration;
			baseConfigurationReference = B06B783FBB9B2ED15594D8F1 /* Pods-RickAndMortyCatalog.debug.xcconfig */;
			buildSettings = {
				ASSETCATALOG_COMPILER_APPICON_NAME = AppIcon;
				CODE_SIGN_STYLE = Automatic;
				DEVELOPMENT_TEAM = Q6D8LQAG8B;
				INFOPLIST_FILE = "$(SRCROOT)/RickAndMortyCatalog/Application/Info.plist";
				LD_RUNPATH_SEARCH_PATHS = (
					"$(inherited)",
					"@executable_path/Frameworks",
				);
				PRODUCT_BUNDLE_IDENTIFIER = "com.bocato.RickAndMortyCatalog-dev";
				PRODUCT_NAME = "$(TARGET_NAME)";
				SWIFT_VERSION = 5.0;
				TARGETED_DEVICE_FAMILY = "1,2";
			};
			name = Debug;
		};
		65912AA2225CF1C500F37508 /* Release */ = {
			isa = XCBuildConfiguration;
			baseConfigurationReference = 5122440E45AD6D5ABF6FE029 /* Pods-RickAndMortyCatalog.release.xcconfig */;
			buildSettings = {
				ASSETCATALOG_COMPILER_APPICON_NAME = AppIcon;
				CODE_SIGN_STYLE = Automatic;
				DEVELOPMENT_TEAM = Q6D8LQAG8B;
				INFOPLIST_FILE = "$(SRCROOT)/RickAndMortyCatalog/Application/Info.plist";
				LD_RUNPATH_SEARCH_PATHS = (
					"$(inherited)",
					"@executable_path/Frameworks",
				);
				PRODUCT_BUNDLE_IDENTIFIER = "com.bocato.RickAndMortyCatalog-dev";
				PRODUCT_NAME = "$(TARGET_NAME)";
				SWIFT_VERSION = 5.0;
				TARGETED_DEVICE_FAMILY = "1,2";
			};
			name = Release;
		};
		65912AA4225CF1C500F37508 /* Debug */ = {
			isa = XCBuildConfiguration;
			baseConfigurationReference = C82754B62518529268BB6207 /* Pods-RickAndMortyCatalogTests.debug.xcconfig */;
			buildSettings = {
				ALWAYS_EMBED_SWIFT_STANDARD_LIBRARIES = YES;
				BUNDLE_LOADER = "$(TEST_HOST)";
				CODE_SIGN_STYLE = Automatic;
				DEVELOPMENT_TEAM = Q6D8LQAG8B;
				INFOPLIST_FILE = RickAndMortyCatalogTests/Info.plist;
				LD_RUNPATH_SEARCH_PATHS = (
					"$(inherited)",
					"@executable_path/Frameworks",
					"@loader_path/Frameworks",
				);
				PRODUCT_BUNDLE_IDENTIFIER = com.bocato.RickAndMortyCatalogTests;
				PRODUCT_NAME = "$(TARGET_NAME)";
				SWIFT_VERSION = 5.0;
				TARGETED_DEVICE_FAMILY = "1,2";
				TEST_HOST = "$(BUILT_PRODUCTS_DIR)/RickAndMortyCatalog.app/RickAndMortyCatalog";
			};
			name = Debug;
		};
		65912AA5225CF1C500F37508 /* Release */ = {
			isa = XCBuildConfiguration;
			baseConfigurationReference = 457EBC460303FD9226D0FED7 /* Pods-RickAndMortyCatalogTests.release.xcconfig */;
			buildSettings = {
				ALWAYS_EMBED_SWIFT_STANDARD_LIBRARIES = YES;
				BUNDLE_LOADER = "$(TEST_HOST)";
				CODE_SIGN_STYLE = Automatic;
				DEVELOPMENT_TEAM = Q6D8LQAG8B;
				INFOPLIST_FILE = RickAndMortyCatalogTests/Info.plist;
				LD_RUNPATH_SEARCH_PATHS = (
					"$(inherited)",
					"@executable_path/Frameworks",
					"@loader_path/Frameworks",
				);
				PRODUCT_BUNDLE_IDENTIFIER = com.bocato.RickAndMortyCatalogTests;
				PRODUCT_NAME = "$(TARGET_NAME)";
				SWIFT_VERSION = 5.0;
				TARGETED_DEVICE_FAMILY = "1,2";
				TEST_HOST = "$(BUILT_PRODUCTS_DIR)/RickAndMortyCatalog.app/RickAndMortyCatalog";
			};
			name = Release;
		};
		65912AA7225CF1C500F37508 /* Debug */ = {
			isa = XCBuildConfiguration;
			baseConfigurationReference = 5500136B425F93B4E9C513A7 /* Pods-RickAndMortyCatalogUITests.debug.xcconfig */;
			buildSettings = {
				ALWAYS_EMBED_SWIFT_STANDARD_LIBRARIES = YES;
				CODE_SIGN_STYLE = Automatic;
				DEVELOPMENT_TEAM = Q6D8LQAG8B;
				INFOPLIST_FILE = RickAndMortyCatalogUITests/Info.plist;
				LD_RUNPATH_SEARCH_PATHS = (
					"$(inherited)",
					"@executable_path/Frameworks",
					"@loader_path/Frameworks",
				);
				PRODUCT_BUNDLE_IDENTIFIER = com.bocato.RickAndMortyCatalogUITests;
				PRODUCT_NAME = "$(TARGET_NAME)";
				SWIFT_VERSION = 5.0;
				TARGETED_DEVICE_FAMILY = "1,2";
				TEST_TARGET_NAME = RickAndMortyCatalog;
			};
			name = Debug;
		};
		65912AA8225CF1C500F37508 /* Release */ = {
			isa = XCBuildConfiguration;
			baseConfigurationReference = 21765CD5AE9A6488087B8C61 /* Pods-RickAndMortyCatalogUITests.release.xcconfig */;
			buildSettings = {
				ALWAYS_EMBED_SWIFT_STANDARD_LIBRARIES = YES;
				CODE_SIGN_STYLE = Automatic;
				DEVELOPMENT_TEAM = Q6D8LQAG8B;
				INFOPLIST_FILE = RickAndMortyCatalogUITests/Info.plist;
				LD_RUNPATH_SEARCH_PATHS = (
					"$(inherited)",
					"@executable_path/Frameworks",
					"@loader_path/Frameworks",
				);
				PRODUCT_BUNDLE_IDENTIFIER = com.bocato.RickAndMortyCatalogUITests;
				PRODUCT_NAME = "$(TARGET_NAME)";
				SWIFT_VERSION = 5.0;
				TARGETED_DEVICE_FAMILY = "1,2";
				TEST_TARGET_NAME = RickAndMortyCatalog;
			};
			name = Release;
		};
/* End XCBuildConfiguration section */

/* Begin XCConfigurationList section */
		65912A73225CF1C400F37508 /* Build configuration list for PBXProject "RickAndMortyCatalog" */ = {
			isa = XCConfigurationList;
			buildConfigurations = (
				65912A9E225CF1C500F37508 /* Debug */,
				65912A9F225CF1C500F37508 /* Release */,
			);
			defaultConfigurationIsVisible = 0;
			defaultConfigurationName = Release;
		};
		65912AA0225CF1C500F37508 /* Build configuration list for PBXNativeTarget "RickAndMortyCatalog" */ = {
			isa = XCConfigurationList;
			buildConfigurations = (
				65912AA1225CF1C500F37508 /* Debug */,
				65912AA2225CF1C500F37508 /* Release */,
			);
			defaultConfigurationIsVisible = 0;
			defaultConfigurationName = Release;
		};
		65912AA3225CF1C500F37508 /* Build configuration list for PBXNativeTarget "RickAndMortyCatalogTests" */ = {
			isa = XCConfigurationList;
			buildConfigurations = (
				65912AA4225CF1C500F37508 /* Debug */,
				65912AA5225CF1C500F37508 /* Release */,
			);
			defaultConfigurationIsVisible = 0;
			defaultConfigurationName = Release;
		};
		65912AA6225CF1C500F37508 /* Build configuration list for PBXNativeTarget "RickAndMortyCatalogUITests" */ = {
			isa = XCConfigurationList;
			buildConfigurations = (
				65912AA7225CF1C500F37508 /* Debug */,
				65912AA8225CF1C500F37508 /* Release */,
			);
			defaultConfigurationIsVisible = 0;
			defaultConfigurationName = Release;
		};
/* End XCConfigurationList section */
	};
	rootObject = 65912A70225CF1C400F37508 /* Project object */;
}
