// !$*UTF8*$!
{
	archiveVersion = 1;
	classes = {
	};
	objectVersion = 50;
	objects = {

/* Begin PBXBuildFile section */
		653748592264D7F900AC910E /* RMEpisode.swift in Sources */ = {isa = PBXBuildFile; fileRef = 653748582264D7F900AC910E /* RMEpisode.swift */; };
		65912A7C225CF1C400F37508 /* AppDelegate.swift in Sources */ = {isa = PBXBuildFile; fileRef = 65912A7B225CF1C400F37508 /* AppDelegate.swift */; };
		65912A81225CF1C400F37508 /* Main.storyboard in Resources */ = {isa = PBXBuildFile; fileRef = 65912A7F225CF1C400F37508 /* Main.storyboard */; };
		65912A83225CF1C500F37508 /* Assets.xcassets in Resources */ = {isa = PBXBuildFile; fileRef = 65912A82225CF1C500F37508 /* Assets.xcassets */; };
		65912A86225CF1C500F37508 /* LaunchScreen.storyboard in Resources */ = {isa = PBXBuildFile; fileRef = 65912A84225CF1C500F37508 /* LaunchScreen.storyboard */; };
		65912A91225CF1C500F37508 /* RickAndMortyCatalogTests.swift in Sources */ = {isa = PBXBuildFile; fileRef = 65912A90225CF1C500F37508 /* RickAndMortyCatalogTests.swift */; };
		65912A9C225CF1C500F37508 /* RickAndMortyCatalogUITests.swift in Sources */ = {isa = PBXBuildFile; fileRef = 65912A9B225CF1C500F37508 /* RickAndMortyCatalogUITests.swift */; };
		65912AB0225CF30600F37508 /* UIView+Extension.swift in Sources */ = {isa = PBXBuildFile; fileRef = 65912AAF225CF30600F37508 /* UIView+Extension.swift */; };
		65912AB3225CF43C00F37508 /* JSON.swift in Sources */ = {isa = PBXBuildFile; fileRef = 65912AB2225CF43C00F37508 /* JSON.swift */; };
		65912AB5225CF45100F37508 /* AlertHelper.swift in Sources */ = {isa = PBXBuildFile; fileRef = 65912AB4225CF45100F37508 /* AlertHelper.swift */; };
		65912AB7225CF46100F37508 /* ErrorHelper.swift in Sources */ = {isa = PBXBuildFile; fileRef = 65912AB6225CF46100F37508 /* ErrorHelper.swift */; };
		65912ABA225CF49200F37508 /* ErrorTypes.swift in Sources */ = {isa = PBXBuildFile; fileRef = 65912AB9225CF49200F37508 /* ErrorTypes.swift */; };
		65912AC3225CFD9A00F37508 /* CharactersViewController.swift in Sources */ = {isa = PBXBuildFile; fileRef = 65912AC2225CFD9A00F37508 /* CharactersViewController.swift */; };
		65912AC5225CFDAC00F37508 /* LocationsViewController.swift in Sources */ = {isa = PBXBuildFile; fileRef = 65912AC4225CFDAC00F37508 /* LocationsViewController.swift */; };
		65912ACC225CFED800F37508 /* CharacterCell.swift in Sources */ = {isa = PBXBuildFile; fileRef = 65912ACB225CFED800F37508 /* CharacterCell.swift */; };
		65912AD5225D078300F37508 /* CharacterDetailViewController.swift in Sources */ = {isa = PBXBuildFile; fileRef = 65912AD4225D078300F37508 /* CharacterDetailViewController.swift */; };
		65912AD9225D08FC00F37508 /* FavoritesViewController.swift in Sources */ = {isa = PBXBuildFile; fileRef = 65912AD8225D08FC00F37508 /* FavoritesViewController.swift */; };
		65912ADB225D090700F37508 /* SettingsViewController.swift in Sources */ = {isa = PBXBuildFile; fileRef = 65912ADA225D090700F37508 /* SettingsViewController.swift */; };
		65912ADE225D0B4200F37508 /* TabBarController.swift in Sources */ = {isa = PBXBuildFile; fileRef = 65912ADD225D0B4200F37508 /* TabBarController.swift */; };
		65912AE5225D1B7500F37508 /* RMCharacter.swift in Sources */ = {isa = PBXBuildFile; fileRef = 65912AE4225D1B7500F37508 /* RMCharacter.swift */; };
		65912AE7225D1B8B00F37508 /* RMLocation.swift in Sources */ = {isa = PBXBuildFile; fileRef = 65912AE6225D1B8B00F37508 /* RMLocation.swift */; };
		65912AEB225D1E0C00F37508 /* RMCharacterOrigin.swift in Sources */ = {isa = PBXBuildFile; fileRef = 65912AEA225D1E0C00F37508 /* RMCharacterOrigin.swift */; };
		65912AED225D1E7200F37508 /* RMCharacterLocation.swift in Sources */ = {isa = PBXBuildFile; fileRef = 65912AEC225D1E7200F37508 /* RMCharacterLocation.swift */; };
		65912AF0225D1F8D00F37508 /* Service.swift in Sources */ = {isa = PBXBuildFile; fileRef = 65912AEF225D1F8D00F37508 /* Service.swift */; };
		65912AFB225D29C400F37508 /* LocationDetailViewController.swift in Sources */ = {isa = PBXBuildFile; fileRef = 65912AFA225D29C400F37508 /* LocationDetailViewController.swift */; };
		65912B02225D2BCF00F37508 /* CharactersFilters.swift in Sources */ = {isa = PBXBuildFile; fileRef = 65912B01225D2BCF00F37508 /* CharactersFilters.swift */; };
		65912B04225D2C1900F37508 /* LocationsFilters.swift in Sources */ = {isa = PBXBuildFile; fileRef = 65912B03225D2C1900F37508 /* LocationsFilters.swift */; };
		65912B06225D2D6400F37508 /* LocationCell.swift in Sources */ = {isa = PBXBuildFile; fileRef = 65912B05225D2D6400F37508 /* LocationCell.swift */; };
		65912B0B225D334200F37508 /* CustomTableViewCell.swift in Sources */ = {isa = PBXBuildFile; fileRef = 65912B0A225D334200F37508 /* CustomTableViewCell.swift */; };
		65912B0D225D35A600F37508 /* RMCharactersService.swift in Sources */ = {isa = PBXBuildFile; fileRef = 65912B0C225D35A600F37508 /* RMCharactersService.swift */; };
		65912B0F225D363400F37508 /* RMLocationsService.swift in Sources */ = {isa = PBXBuildFile; fileRef = 65912B0E225D363400F37508 /* RMLocationsService.swift */; };
/* End PBXBuildFile section */

/* Begin PBXContainerItemProxy section */
		65912A8D225CF1C500F37508 /* PBXContainerItemProxy */ = {
			isa = PBXContainerItemProxy;
			containerPortal = 65912A70225CF1C400F37508 /* Project object */;
			proxyType = 1;
			remoteGlobalIDString = 65912A77225CF1C400F37508;
			remoteInfo = RickAndMortyCatalog;
		};
		65912A98225CF1C500F37508 /* PBXContainerItemProxy */ = {
			isa = PBXContainerItemProxy;
			containerPortal = 65912A70225CF1C400F37508 /* Project object */;
			proxyType = 1;
			remoteGlobalIDString = 65912A77225CF1C400F37508;
			remoteInfo = RickAndMortyCatalog;
		};
/* End PBXContainerItemProxy section */

/* Begin PBXFileReference section */
		653748582264D7F900AC910E /* RMEpisode.swift */ = {isa = PBXFileReference; lastKnownFileType = sourcecode.swift; path = RMEpisode.swift; sourceTree = "<group>"; };
		65912A78225CF1C400F37508 /* RickAndMortyCatalog.app */ = {isa = PBXFileReference; explicitFileType = wrapper.application; includeInIndex = 0; path = RickAndMortyCatalog.app; sourceTree = BUILT_PRODUCTS_DIR; };
		65912A7B225CF1C400F37508 /* AppDelegate.swift */ = {isa = PBXFileReference; lastKnownFileType = sourcecode.swift; path = AppDelegate.swift; sourceTree = "<group>"; };
		65912A80225CF1C400F37508 /* Base */ = {isa = PBXFileReference; lastKnownFileType = file.storyboard; name = Base; path = Base.lproj/Main.storyboard; sourceTree = "<group>"; };
		65912A82225CF1C500F37508 /* Assets.xcassets */ = {isa = PBXFileReference; lastKnownFileType = folder.assetcatalog; path = Assets.xcassets; sourceTree = "<group>"; };
		65912A85225CF1C500F37508 /* Base */ = {isa = PBXFileReference; lastKnownFileType = file.storyboard; name = Base; path = Base.lproj/LaunchScreen.storyboard; sourceTree = "<group>"; };
		65912A87225CF1C500F37508 /* Info.plist */ = {isa = PBXFileReference; lastKnownFileType = text.plist.xml; path = Info.plist; sourceTree = "<group>"; };
		65912A8C225CF1C500F37508 /* RickAndMortyCatalogTests.xctest */ = {isa = PBXFileReference; explicitFileType = wrapper.cfbundle; includeInIndex = 0; path = RickAndMortyCatalogTests.xctest; sourceTree = BUILT_PRODUCTS_DIR; };
		65912A90225CF1C500F37508 /* RickAndMortyCatalogTests.swift */ = {isa = PBXFileReference; lastKnownFileType = sourcecode.swift; path = RickAndMortyCatalogTests.swift; sourceTree = "<group>"; };
		65912A92225CF1C500F37508 /* Info.plist */ = {isa = PBXFileReference; lastKnownFileType = text.plist.xml; path = Info.plist; sourceTree = "<group>"; };
		65912A97225CF1C500F37508 /* RickAndMortyCatalogUITests.xctest */ = {isa = PBXFileReference; explicitFileType = wrapper.cfbundle; includeInIndex = 0; path = RickAndMortyCatalogUITests.xctest; sourceTree = BUILT_PRODUCTS_DIR; };
		65912A9B225CF1C500F37508 /* RickAndMortyCatalogUITests.swift */ = {isa = PBXFileReference; lastKnownFileType = sourcecode.swift; path = RickAndMortyCatalogUITests.swift; sourceTree = "<group>"; };
		65912A9D225CF1C500F37508 /* Info.plist */ = {isa = PBXFileReference; lastKnownFileType = text.plist.xml; path = Info.plist; sourceTree = "<group>"; };
		65912AAF225CF30600F37508 /* UIView+Extension.swift */ = {isa = PBXFileReference; lastKnownFileType = sourcecode.swift; path = "UIView+Extension.swift"; sourceTree = "<group>"; };
		65912AB2225CF43C00F37508 /* JSON.swift */ = {isa = PBXFileReference; lastKnownFileType = sourcecode.swift; path = JSON.swift; sourceTree = "<group>"; };
		65912AB4225CF45100F37508 /* AlertHelper.swift */ = {isa = PBXFileReference; lastKnownFileType = sourcecode.swift; path = AlertHelper.swift; sourceTree = "<group>"; };
		65912AB6225CF46100F37508 /* ErrorHelper.swift */ = {isa = PBXFileReference; lastKnownFileType = sourcecode.swift; path = ErrorHelper.swift; sourceTree = "<group>"; };
		65912AB9225CF49200F37508 /* ErrorTypes.swift */ = {isa = PBXFileReference; lastKnownFileType = sourcecode.swift; path = ErrorTypes.swift; sourceTree = "<group>"; };
		65912AC2225CFD9A00F37508 /* CharactersViewController.swift */ = {isa = PBXFileReference; lastKnownFileType = sourcecode.swift; path = CharactersViewController.swift; sourceTree = "<group>"; };
		65912AC4225CFDAC00F37508 /* LocationsViewController.swift */ = {isa = PBXFileReference; lastKnownFileType = sourcecode.swift; path = LocationsViewController.swift; sourceTree = "<group>"; };
		65912ACB225CFED800F37508 /* CharacterCell.swift */ = {isa = PBXFileReference; lastKnownFileType = sourcecode.swift; path = CharacterCell.swift; sourceTree = "<group>"; };
		65912AD4225D078300F37508 /* CharacterDetailViewController.swift */ = {isa = PBXFileReference; lastKnownFileType = sourcecode.swift; path = CharacterDetailViewController.swift; sourceTree = "<group>"; };
		65912AD8225D08FC00F37508 /* FavoritesViewController.swift */ = {isa = PBXFileReference; lastKnownFileType = sourcecode.swift; path = FavoritesViewController.swift; sourceTree = "<group>"; };
		65912ADA225D090700F37508 /* SettingsViewController.swift */ = {isa = PBXFileReference; lastKnownFileType = sourcecode.swift; path = SettingsViewController.swift; sourceTree = "<group>"; };
		65912ADD225D0B4200F37508 /* TabBarController.swift */ = {isa = PBXFileReference; lastKnownFileType = sourcecode.swift; path = TabBarController.swift; sourceTree = "<group>"; };
		65912AE4225D1B7500F37508 /* RMCharacter.swift */ = {isa = PBXFileReference; lastKnownFileType = sourcecode.swift; path = RMCharacter.swift; sourceTree = "<group>"; };
		65912AE6225D1B8B00F37508 /* RMLocation.swift */ = {isa = PBXFileReference; lastKnownFileType = sourcecode.swift; path = RMLocation.swift; sourceTree = "<group>"; };
		65912AEA225D1E0C00F37508 /* RMCharacterOrigin.swift */ = {isa = PBXFileReference; lastKnownFileType = sourcecode.swift; path = RMCharacterOrigin.swift; sourceTree = "<group>"; };
		65912AEC225D1E7200F37508 /* RMCharacterLocation.swift */ = {isa = PBXFileReference; lastKnownFileType = sourcecode.swift; path = RMCharacterLocation.swift; sourceTree = "<group>"; };
		65912AEF225D1F8D00F37508 /* Service.swift */ = {isa = PBXFileReference; lastKnownFileType = sourcecode.swift; path = Service.swift; sourceTree = "<group>"; };
		65912AFA225D29C400F37508 /* LocationDetailViewController.swift */ = {isa = PBXFileReference; lastKnownFileType = sourcecode.swift; path = LocationDetailViewController.swift; sourceTree = "<group>"; };
		65912B01225D2BCF00F37508 /* CharactersFilters.swift */ = {isa = PBXFileReference; lastKnownFileType = sourcecode.swift; path = CharactersFilters.swift; sourceTree = "<group>"; };
		65912B03225D2C1900F37508 /* LocationsFilters.swift */ = {isa = PBXFileReference; lastKnownFileType = sourcecode.swift; path = LocationsFilters.swift; sourceTree = "<group>"; };
		65912B05225D2D6400F37508 /* LocationCell.swift */ = {isa = PBXFileReference; lastKnownFileType = sourcecode.swift; path = LocationCell.swift; sourceTree = "<group>"; };
		65912B0A225D334200F37508 /* CustomTableViewCell.swift */ = {isa = PBXFileReference; lastKnownFileType = sourcecode.swift; path = CustomTableViewCell.swift; sourceTree = "<group>"; };
		65912B0C225D35A600F37508 /* RMCharactersService.swift */ = {isa = PBXFileReference; lastKnownFileType = sourcecode.swift; path = RMCharactersService.swift; sourceTree = "<group>"; };
		65912B0E225D363400F37508 /* RMLocationsService.swift */ = {isa = PBXFileReference; lastKnownFileType = sourcecode.swift; path = RMLocationsService.swift; sourceTree = "<group>"; };
/* End PBXFileReference section */

/* Begin PBXFrameworksBuildPhase section */
		65912A75225CF1C400F37508 /* Frameworks */ = {
			isa = PBXFrameworksBuildPhase;
			buildActionMask = 2147483647;
			files = (
			);
			runOnlyForDeploymentPostprocessing = 0;
		};
		65912A89225CF1C500F37508 /* Frameworks */ = {
			isa = PBXFrameworksBuildPhase;
			buildActionMask = 2147483647;
			files = (
			);
			runOnlyForDeploymentPostprocessing = 0;
		};
		65912A94225CF1C500F37508 /* Frameworks */ = {
			isa = PBXFrameworksBuildPhase;
			buildActionMask = 2147483647;
			files = (
			);
			runOnlyForDeploymentPostprocessing = 0;
		};
/* End PBXFrameworksBuildPhase section */

/* Begin PBXGroup section */
		653748572264D7DE00AC910E /* Episode */ = {
			isa = PBXGroup;
			children = (
				653748582264D7F900AC910E /* RMEpisode.swift */,
			);
			path = Episode;
			sourceTree = "<group>";
		};
		654407E8225E96B60015A00B /* Detail */ = {
			isa = PBXGroup;
			children = (
				65912AFA225D29C400F37508 /* LocationDetailViewController.swift */,
			);
			path = Detail;
			sourceTree = "<group>";
		};
		654407E9225E96D50015A00B /* Location */ = {
			isa = PBXGroup;
			children = (
				65912AC4225CFDAC00F37508 /* LocationsViewController.swift */,
				65912B05225D2D6400F37508 /* LocationCell.swift */,
			);
			path = Location;
			sourceTree = "<group>";
		};
		65912A6F225CF1C400F37508 = {
			isa = PBXGroup;
			children = (
				65912A7A225CF1C400F37508 /* RickAndMortyCatalog */,
				65912A8F225CF1C500F37508 /* RickAndMortyCatalogTests */,
				65912A9A225CF1C500F37508 /* RickAndMortyCatalogUITests */,
				65912A79225CF1C400F37508 /* Products */,
			);
			sourceTree = "<group>";
		};
		65912A79225CF1C400F37508 /* Products */ = {
			isa = PBXGroup;
			children = (
				65912A78225CF1C400F37508 /* RickAndMortyCatalog.app */,
				65912A8C225CF1C500F37508 /* RickAndMortyCatalogTests.xctest */,
				65912A97225CF1C500F37508 /* RickAndMortyCatalogUITests.xctest */,
			);
			name = Products;
			sourceTree = "<group>";
		};
		65912A7A225CF1C400F37508 /* RickAndMortyCatalog */ = {
			isa = PBXGroup;
			children = (
				65912AA9225CF28A00F37508 /* Application */,
				65912ABB225CFACA00F37508 /* Service */,
				65912AAB225CF2C600F37508 /* Convenience */,
				65912ABE225CFBC800F37508 /* Model */,
				65912ABD225CFBC500F37508 /* Features */,
			);
			path = RickAndMortyCatalog;
			sourceTree = "<group>";
		};
		65912A8F225CF1C500F37508 /* RickAndMortyCatalogTests */ = {
			isa = PBXGroup;
			children = (
				65912A90225CF1C500F37508 /* RickAndMortyCatalogTests.swift */,
				65912A92225CF1C500F37508 /* Info.plist */,
			);
			path = RickAndMortyCatalogTests;
			sourceTree = "<group>";
		};
		65912A9A225CF1C500F37508 /* RickAndMortyCatalogUITests */ = {
			isa = PBXGroup;
			children = (
				65912A9B225CF1C500F37508 /* RickAndMortyCatalogUITests.swift */,
				65912A9D225CF1C500F37508 /* Info.plist */,
			);
			path = RickAndMortyCatalogUITests;
			sourceTree = "<group>";
		};
		65912AA9225CF28A00F37508 /* Application */ = {
			isa = PBXGroup;
			children = (
				65912A7B225CF1C400F37508 /* AppDelegate.swift */,
				65912A82225CF1C500F37508 /* Assets.xcassets */,
				65912A84225CF1C500F37508 /* LaunchScreen.storyboard */,
				65912A87225CF1C500F37508 /* Info.plist */,
			);
			path = Application;
			sourceTree = "<group>";
		};
		65912AAB225CF2C600F37508 /* Convenience */ = {
			isa = PBXGroup;
			children = (
				65912AFC225D2AA600F37508 /* Protocols */,
				65912AB8225CF48000F37508 /* Enums */,
				65912AB1225CF43000F37508 /* JSON */,
				65912AAE225CF2ED00F37508 /* Extensions */,
				65912AAC225CF2D600F37508 /* Helpers */,
				65912B09225D331400F37508 /* Custom UI */,
			);
			path = Convenience;
			sourceTree = "<group>";
		};
		65912AAC225CF2D600F37508 /* Helpers */ = {
			isa = PBXGroup;
			children = (
				65912AB4225CF45100F37508 /* AlertHelper.swift */,
				65912AB6225CF46100F37508 /* ErrorHelper.swift */,
			);
			path = Helpers;
			sourceTree = "<group>";
		};
		65912AAE225CF2ED00F37508 /* Extensions */ = {
			isa = PBXGroup;
			children = (
				65912AAF225CF30600F37508 /* UIView+Extension.swift */,
			);
			path = Extensions;
			sourceTree = "<group>";
		};
		65912AB1225CF43000F37508 /* JSON */ = {
			isa = PBXGroup;
			children = (
				65912AB2225CF43C00F37508 /* JSON.swift */,
			);
			path = JSON;
			sourceTree = "<group>";
		};
		65912AB8225CF48000F37508 /* Enums */ = {
			isa = PBXGroup;
			children = (
				65912AB9225CF49200F37508 /* ErrorTypes.swift */,
				65912B01225D2BCF00F37508 /* CharactersFilters.swift */,
				65912B03225D2C1900F37508 /* LocationsFilters.swift */,
			);
			path = Enums;
			sourceTree = "<group>";
		};
		65912ABB225CFACA00F37508 /* Service */ = {
			isa = PBXGroup;
			children = (
				65912AEF225D1F8D00F37508 /* Service.swift */,
				65912B0C225D35A600F37508 /* RMCharactersService.swift */,
				65912B0E225D363400F37508 /* RMLocationsService.swift */,
			);
			path = Service;
			sourceTree = "<group>";
		};
		65912ABD225CFBC500F37508 /* Features */ = {
			isa = PBXGroup;
			children = (
				65912A7F225CF1C400F37508 /* Main.storyboard */,
				65912ADC225D0B2900F37508 /* Tab Bar */,
				65912ACA225CFDCF00F37508 /* Characters */,
				65912AC9225CFDCD00F37508 /* Locations */,
				65912AD7225D08DA00F37508 /* Favorites */,
				65912AD6225D08D700F37508 /* Settings */,
			);
			path = Features;
			sourceTree = "<group>";
		};
		65912ABE225CFBC800F37508 /* Model */ = {
			isa = PBXGroup;
			children = (
				65912AE9225D1BF900F37508 /* Character */,
				65912AE8225D1BF600F37508 /* Location */,
				653748572264D7DE00AC910E /* Episode */,
			);
			path = Model;
			sourceTree = "<group>";
		};
		65912AC9225CFDCD00F37508 /* Locations */ = {
			isa = PBXGroup;
			children = (
				654407E9225E96D50015A00B /* Location */,
				654407E8225E96B60015A00B /* Detail */,
			);
			path = Locations;
			sourceTree = "<group>";
		};
		65912ACA225CFDCF00F37508 /* Characters */ = {
			isa = PBXGroup;
			children = (
				65912AC2225CFD9A00F37508 /* CharactersViewController.swift */,
				65912ACB225CFED800F37508 /* CharacterCell.swift */,
				65912AD4225D078300F37508 /* CharacterDetailViewController.swift */,
			);
			path = Characters;
			sourceTree = "<group>";
		};
		65912AD6225D08D700F37508 /* Settings */ = {
			isa = PBXGroup;
			children = (
				65912ADA225D090700F37508 /* SettingsViewController.swift */,
			);
			path = Settings;
			sourceTree = "<group>";
		};
		65912AD7225D08DA00F37508 /* Favorites */ = {
			isa = PBXGroup;
			children = (
				65912AD8225D08FC00F37508 /* FavoritesViewController.swift */,
			);
			path = Favorites;
			sourceTree = "<group>";
		};
		65912ADC225D0B2900F37508 /* Tab Bar */ = {
			isa = PBXGroup;
			children = (
				65912ADD225D0B4200F37508 /* TabBarController.swift */,
			);
			path = "Tab Bar";
			sourceTree = "<group>";
		};
		65912AE8225D1BF600F37508 /* Location */ = {
			isa = PBXGroup;
			children = (
				65912AE6225D1B8B00F37508 /* RMLocation.swift */,
			);
			path = Location;
			sourceTree = "<group>";
		};
		65912AE9225D1BF900F37508 /* Character */ = {
			isa = PBXGroup;
			children = (
				65912AE4225D1B7500F37508 /* RMCharacter.swift */,
				65912AEA225D1E0C00F37508 /* RMCharacterOrigin.swift */,
				65912AEC225D1E7200F37508 /* RMCharacterLocation.swift */,
			);
			path = Character;
			sourceTree = "<group>";
		};
		65912AFC225D2AA600F37508 /* Protocols */ = {
			isa = PBXGroup;
			children = (
			);
			path = Protocols;
			sourceTree = "<group>";
		};
		65912B09225D331400F37508 /* Custom UI */ = {
			isa = PBXGroup;
			children = (
				65912B0A225D334200F37508 /* CustomTableViewCell.swift */,
			);
			path = "Custom UI";
			sourceTree = "<group>";
		};
/* End PBXGroup section */

/* Begin PBXNativeTarget section */
		65912A77225CF1C400F37508 /* RickAndMortyCatalog */ = {
			isa = PBXNativeTarget;
			buildConfigurationList = 65912AA0225CF1C500F37508 /* Build configuration list for PBXNativeTarget "RickAndMortyCatalog" */;
			buildPhases = (
				65912A74225CF1C400F37508 /* Sources */,
				65912A75225CF1C400F37508 /* Frameworks */,
				65912A76225CF1C400F37508 /* Resources */,
			);
			buildRules = (
			);
			dependencies = (
			);
			name = RickAndMortyCatalog;
			productName = RickAndMortyCatalog;
			productReference = 65912A78225CF1C400F37508 /* RickAndMortyCatalog.app */;
			productType = "com.apple.product-type.application";
		};
		65912A8B225CF1C500F37508 /* RickAndMortyCatalogTests */ = {
			isa = PBXNativeTarget;
			buildConfigurationList = 65912AA3225CF1C500F37508 /* Build configuration list for PBXNativeTarget "RickAndMortyCatalogTests" */;
			buildPhases = (
				65912A88225CF1C500F37508 /* Sources */,
				65912A89225CF1C500F37508 /* Frameworks */,
				65912A8A225CF1C500F37508 /* Resources */,
			);
			buildRules = (
			);
			dependencies = (
				65912A8E225CF1C500F37508 /* PBXTargetDependency */,
			);
			name = RickAndMortyCatalogTests;
			productName = RickAndMortyCatalogTests;
			productReference = 65912A8C225CF1C500F37508 /* RickAndMortyCatalogTests.xctest */;
			productType = "com.apple.product-type.bundle.unit-test";
		};
		65912A96225CF1C500F37508 /* RickAndMortyCatalogUITests */ = {
			isa = PBXNativeTarget;
			buildConfigurationList = 65912AA6225CF1C500F37508 /* Build configuration list for PBXNativeTarget "RickAndMortyCatalogUITests" */;
			buildPhases = (
				65912A93225CF1C500F37508 /* Sources */,
				65912A94225CF1C500F37508 /* Frameworks */,
				65912A95225CF1C500F37508 /* Resources */,
			);
			buildRules = (
			);
			dependencies = (
				65912A99225CF1C500F37508 /* PBXTargetDependency */,
			);
			name = RickAndMortyCatalogUITests;
			productName = RickAndMortyCatalogUITests;
			productReference = 65912A97225CF1C500F37508 /* RickAndMortyCatalogUITests.xctest */;
			productType = "com.apple.product-type.bundle.ui-testing";
		};
/* End PBXNativeTarget section */

/* Begin PBXProject section */
		65912A70225CF1C400F37508 /* Project object */ = {
			isa = PBXProject;
			attributes = {
				LastSwiftUpdateCheck = 1020;
				LastUpgradeCheck = 1020;
				ORGANIZATIONNAME = "Andre Sanches Bocato";
				TargetAttributes = {
					65912A77225CF1C400F37508 = {
						CreatedOnToolsVersion = 10.2;
					};
					65912A8B225CF1C500F37508 = {
						CreatedOnToolsVersion = 10.2;
						TestTargetID = 65912A77225CF1C400F37508;
					};
					65912A96225CF1C500F37508 = {
						CreatedOnToolsVersion = 10.2;
						TestTargetID = 65912A77225CF1C400F37508;
					};
				};
			};
			buildConfigurationList = 65912A73225CF1C400F37508 /* Build configuration list for PBXProject "RickAndMortyCatalog" */;
			compatibilityVersion = "Xcode 9.3";
			developmentRegion = en;
			hasScannedForEncodings = 0;
			knownRegions = (
				en,
				Base,
			);
			mainGroup = 65912A6F225CF1C400F37508;
			productRefGroup = 65912A79225CF1C400F37508 /* Products */;
			projectDirPath = "";
			projectRoot = "";
			targets = (
				65912A77225CF1C400F37508 /* RickAndMortyCatalog */,
				65912A8B225CF1C500F37508 /* RickAndMortyCatalogTests */,
				65912A96225CF1C500F37508 /* RickAndMortyCatalogUITests */,
			);
		};
/* End PBXProject section */

/* Begin PBXResourcesBuildPhase section */
		65912A76225CF1C400F37508 /* Resources */ = {
			isa = PBXResourcesBuildPhase;
			buildActionMask = 2147483647;
			files = (
				65912A86225CF1C500F37508 /* LaunchScreen.storyboard in Resources */,
				65912A83225CF1C500F37508 /* Assets.xcassets in Resources */,
				65912A81225CF1C400F37508 /* Main.storyboard in Resources */,
			);
			runOnlyForDeploymentPostprocessing = 0;
		};
		65912A8A225CF1C500F37508 /* Resources */ = {
			isa = PBXResourcesBuildPhase;
			buildActionMask = 2147483647;
			files = (
			);
			runOnlyForDeploymentPostprocessing = 0;
		};
		65912A95225CF1C500F37508 /* Resources */ = {
			isa = PBXResourcesBuildPhase;
			buildActionMask = 2147483647;
			files = (
			);
			runOnlyForDeploymentPostprocessing = 0;
		};
/* End PBXResourcesBuildPhase section */

/* Begin PBXSourcesBuildPhase section */
		65912A74225CF1C400F37508 /* Sources */ = {
			isa = PBXSourcesBuildPhase;
			buildActionMask = 2147483647;
			files = (
				65912AE5225D1B7500F37508 /* RMCharacter.swift in Sources */,
				65912AC3225CFD9A00F37508 /* CharactersViewController.swift in Sources */,
				65912ADE225D0B4200F37508 /* TabBarController.swift in Sources */,
				65912AD5225D078300F37508 /* CharacterDetailViewController.swift in Sources */,
				65912AD9225D08FC00F37508 /* FavoritesViewController.swift in Sources */,
				65912AF0225D1F8D00F37508 /* Service.swift in Sources */,
				653748592264D7F900AC910E /* RMEpisode.swift in Sources */,
				65912B0B225D334200F37508 /* CustomTableViewCell.swift in Sources */,
				65912B0F225D363400F37508 /* RMLocationsService.swift in Sources */,
				65912B06225D2D6400F37508 /* LocationCell.swift in Sources */,
				65912AB0225CF30600F37508 /* UIView+Extension.swift in Sources */,
				65912B02225D2BCF00F37508 /* CharactersFilters.swift in Sources */,
				65912A7C225CF1C400F37508 /* AppDelegate.swift in Sources */,
				65912ADB225D090700F37508 /* SettingsViewController.swift in Sources */,
				65912AC5225CFDAC00F37508 /* LocationsViewController.swift in Sources */,
				65912ACC225CFED800F37508 /* CharacterCell.swift in Sources */,
				65912AB5225CF45100F37508 /* AlertHelper.swift in Sources */,
				65912AFB225D29C400F37508 /* LocationDetailViewController.swift in Sources */,
				65912AE7225D1B8B00F37508 /* RMLocation.swift in Sources */,
				65912AB7225CF46100F37508 /* ErrorHelper.swift in Sources */,
				65912B04225D2C1900F37508 /* LocationsFilters.swift in Sources */,
				65912AB3225CF43C00F37508 /* JSON.swift in Sources */,
				65912ABA225CF49200F37508 /* ErrorTypes.swift in Sources */,
				65912B0D225D35A600F37508 /* RMCharactersService.swift in Sources */,
				65912AEB225D1E0C00F37508 /* RMCharacterOrigin.swift in Sources */,
				65912AED225D1E7200F37508 /* RMCharacterLocation.swift in Sources */,
			);
			runOnlyForDeploymentPostprocessing = 0;
		};
		65912A88225CF1C500F37508 /* Sources */ = {
			isa = PBXSourcesBuildPhase;
			buildActionMask = 2147483647;
			files = (
				65912A91225CF1C500F37508 /* RickAndMortyCatalogTests.swift in Sources */,
			);
			runOnlyForDeploymentPostprocessing = 0;
		};
		65912A93225CF1C500F37508 /* Sources */ = {
			isa = PBXSourcesBuildPhase;
			buildActionMask = 2147483647;
			files = (
				65912A9C225CF1C500F37508 /* RickAndMortyCatalogUITests.swift in Sources */,
			);
			runOnlyForDeploymentPostprocessing = 0;
		};
/* End PBXSourcesBuildPhase section */

/* Begin PBXTargetDependency section */
		65912A8E225CF1C500F37508 /* PBXTargetDependency */ = {
			isa = PBXTargetDependency;
			target = 65912A77225CF1C400F37508 /* RickAndMortyCatalog */;
			targetProxy = 65912A8D225CF1C500F37508 /* PBXContainerItemProxy */;
		};
		65912A99225CF1C500F37508 /* PBXTargetDependency */ = {
			isa = PBXTargetDependency;
			target = 65912A77225CF1C400F37508 /* RickAndMortyCatalog */;
			targetProxy = 65912A98225CF1C500F37508 /* PBXContainerItemProxy */;
		};
/* End PBXTargetDependency section */

/* Begin PBXVariantGroup section */
		65912A7F225CF1C400F37508 /* Main.storyboard */ = {
			isa = PBXVariantGroup;
			children = (
				65912A80225CF1C400F37508 /* Base */,
			);
			name = Main.storyboard;
			sourceTree = "<group>";
		};
		65912A84225CF1C500F37508 /* LaunchScreen.storyboard */ = {
			isa = PBXVariantGroup;
			children = (
				65912A85225CF1C500F37508 /* Base */,
			);
			name = LaunchScreen.storyboard;
			sourceTree = "<group>";
		};
/* End PBXVariantGroup section */

/* Begin XCBuildConfiguration section */
		65912A9E225CF1C500F37508 /* Debug */ = {
			isa = XCBuildConfiguration;
			buildSettings = {
				ALWAYS_SEARCH_USER_PATHS = NO;
				CLANG_ANALYZER_NONNULL = YES;
				CLANG_ANALYZER_NUMBER_OBJECT_CONVERSION = YES_AGGRESSIVE;
				CLANG_CXX_LANGUAGE_STANDARD = "gnu++14";
				CLANG_CXX_LIBRARY = "libc++";
				CLANG_ENABLE_MODULES = YES;
				CLANG_ENABLE_OBJC_ARC = YES;
				CLANG_ENABLE_OBJC_WEAK = YES;
				CLANG_WARN_BLOCK_CAPTURE_AUTORELEASING = YES;
				CLANG_WARN_BOOL_CONVERSION = YES;
				CLANG_WARN_COMMA = YES;
				CLANG_WARN_CONSTANT_CONVERSION = YES;
				CLANG_WARN_DEPRECATED_OBJC_IMPLEMENTATIONS = YES;
				CLANG_WARN_DIRECT_OBJC_ISA_USAGE = YES_ERROR;
				CLANG_WARN_DOCUMENTATION_COMMENTS = YES;
				CLANG_WARN_EMPTY_BODY = YES;
				CLANG_WARN_ENUM_CONVERSION = YES;
				CLANG_WARN_INFINITE_RECURSION = YES;
				CLANG_WARN_INT_CONVERSION = YES;
				CLANG_WARN_NON_LITERAL_NULL_CONVERSION = YES;
				CLANG_WARN_OBJC_IMPLICIT_RETAIN_SELF = YES;
				CLANG_WARN_OBJC_LITERAL_CONVERSION = YES;
				CLANG_WARN_OBJC_ROOT_CLASS = YES_ERROR;
				CLANG_WARN_RANGE_LOOP_ANALYSIS = YES;
				CLANG_WARN_STRICT_PROTOTYPES = YES;
				CLANG_WARN_SUSPICIOUS_MOVE = YES;
				CLANG_WARN_UNGUARDED_AVAILABILITY = YES_AGGRESSIVE;
				CLANG_WARN_UNREACHABLE_CODE = YES;
				CLANG_WARN__DUPLICATE_METHOD_MATCH = YES;
				CODE_SIGN_IDENTITY = "iPhone Developer";
				COPY_PHASE_STRIP = NO;
				DEBUG_INFORMATION_FORMAT = dwarf;
				ENABLE_STRICT_OBJC_MSGSEND = YES;
				ENABLE_TESTABILITY = YES;
				GCC_C_LANGUAGE_STANDARD = gnu11;
				GCC_DYNAMIC_NO_PIC = NO;
				GCC_NO_COMMON_BLOCKS = YES;
				GCC_OPTIMIZATION_LEVEL = 0;
				GCC_PREPROCESSOR_DEFINITIONS = (
					"DEBUG=1",
					"$(inherited)",
				);
				GCC_WARN_64_TO_32_BIT_CONVERSION = YES;
				GCC_WARN_ABOUT_RETURN_TYPE = YES_ERROR;
				GCC_WARN_UNDECLARED_SELECTOR = YES;
				GCC_WARN_UNINITIALIZED_AUTOS = YES_AGGRESSIVE;
				GCC_WARN_UNUSED_FUNCTION = YES;
				GCC_WARN_UNUSED_VARIABLE = YES;
				IPHONEOS_DEPLOYMENT_TARGET = 12.2;
				MTL_ENABLE_DEBUG_INFO = INCLUDE_SOURCE;
				MTL_FAST_MATH = YES;
				ONLY_ACTIVE_ARCH = YES;
				SDKROOT = iphoneos;
				SWIFT_ACTIVE_COMPILATION_CONDITIONS = DEBUG;
				SWIFT_OPTIMIZATION_LEVEL = "-Onone";
			};
			name = Debug;
		};
		65912A9F225CF1C500F37508 /* Release */ = {
			isa = XCBuildConfiguration;
			buildSettings = {
				ALWAYS_SEARCH_USER_PATHS = NO;
				CLANG_ANALYZER_NONNULL = YES;
				CLANG_ANALYZER_NUMBER_OBJECT_CONVERSION = YES_AGGRESSIVE;
				CLANG_CXX_LANGUAGE_STANDARD = "gnu++14";
				CLANG_CXX_LIBRARY = "libc++";
				CLANG_ENABLE_MODULES = YES;
				CLANG_ENABLE_OBJC_ARC = YES;
				CLANG_ENABLE_OBJC_WEAK = YES;
				CLANG_WARN_BLOCK_CAPTURE_AUTORELEASING = YES;
				CLANG_WARN_BOOL_CONVERSION = YES;
				CLANG_WARN_COMMA = YES;
				CLANG_WARN_CONSTANT_CONVERSION = YES;
				CLANG_WARN_DEPRECATED_OBJC_IMPLEMENTATIONS = YES;
				CLANG_WARN_DIRECT_OBJC_ISA_USAGE = YES_ERROR;
				CLANG_WARN_DOCUMENTATION_COMMENTS = YES;
				CLANG_WARN_EMPTY_BODY = YES;
				CLANG_WARN_ENUM_CONVERSION = YES;
				CLANG_WARN_INFINITE_RECURSION = YES;
				CLANG_WARN_INT_CONVERSION = YES;
				CLANG_WARN_NON_LITERAL_NULL_CONVERSION = YES;
				CLANG_WARN_OBJC_IMPLICIT_RETAIN_SELF = YES;
				CLANG_WARN_OBJC_LITERAL_CONVERSION = YES;
				CLANG_WARN_OBJC_ROOT_CLASS = YES_ERROR;
				CLANG_WARN_RANGE_LOOP_ANALYSIS = YES;
				CLANG_WARN_STRICT_PROTOTYPES = YES;
				CLANG_WARN_SUSPICIOUS_MOVE = YES;
				CLANG_WARN_UNGUARDED_AVAILABILITY = YES_AGGRESSIVE;
				CLANG_WARN_UNREACHABLE_CODE = YES;
				CLANG_WARN__DUPLICATE_METHOD_MATCH = YES;
				CODE_SIGN_IDENTITY = "iPhone Developer";
				COPY_PHASE_STRIP = NO;
				DEBUG_INFORMATION_FORMAT = "dwarf-with-dsym";
				ENABLE_NS_ASSERTIONS = NO;
				ENABLE_STRICT_OBJC_MSGSEND = YES;
				GCC_C_LANGUAGE_STANDARD = gnu11;
				GCC_NO_COMMON_BLOCKS = YES;
				GCC_WARN_64_TO_32_BIT_CONVERSION = YES;
				GCC_WARN_ABOUT_RETURN_TYPE = YES_ERROR;
				GCC_WARN_UNDECLARED_SELECTOR = YES;
				GCC_WARN_UNINITIALIZED_AUTOS = YES_AGGRESSIVE;
				GCC_WARN_UNUSED_FUNCTION = YES;
				GCC_WARN_UNUSED_VARIABLE = YES;
				IPHONEOS_DEPLOYMENT_TARGET = 12.2;
				MTL_ENABLE_DEBUG_INFO = NO;
				MTL_FAST_MATH = YES;
				SDKROOT = iphoneos;
				SWIFT_COMPILATION_MODE = wholemodule;
				SWIFT_OPTIMIZATION_LEVEL = "-O";
				VALIDATE_PRODUCT = YES;
			};
			name = Release;
		};
		65912AA1225CF1C500F37508 /* Debug */ = {
			isa = XCBuildConfiguration;
			buildSettings = {
				ASSETCATALOG_COMPILER_APPICON_NAME = AppIcon;
				CODE_SIGN_STYLE = Automatic;
				DEVELOPMENT_TEAM = Q6D8LQAG8B;
				INFOPLIST_FILE = "$(SRCROOT)/RickAndMortyCatalog/Application/Info.plist";
				LD_RUNPATH_SEARCH_PATHS = (
					"$(inherited)",
					"@executable_path/Frameworks",
				);
				PRODUCT_BUNDLE_IDENTIFIER = "com.bocato.RickAndMortyCatalog-dev";
				PRODUCT_NAME = "$(TARGET_NAME)";
				SWIFT_VERSION = 5.0;
				TARGETED_DEVICE_FAMILY = "1,2";
			};
			name = Debug;
		};
		65912AA2225CF1C500F37508 /* Release */ = {
			isa = XCBuildConfiguration;
			buildSettings = {
				ASSETCATALOG_COMPILER_APPICON_NAME = AppIcon;
				CODE_SIGN_STYLE = Automatic;
				DEVELOPMENT_TEAM = Q6D8LQAG8B;
				INFOPLIST_FILE = "$(SRCROOT)/RickAndMortyCatalog/Application/Info.plist";
				LD_RUNPATH_SEARCH_PATHS = (
					"$(inherited)",
					"@executable_path/Frameworks",
				);
				PRODUCT_BUNDLE_IDENTIFIER = "com.bocato.RickAndMortyCatalog-dev";
				PRODUCT_NAME = "$(TARGET_NAME)";
				SWIFT_VERSION = 5.0;
				TARGETED_DEVICE_FAMILY = "1,2";
			};
			name = Release;
		};
		65912AA4225CF1C500F37508 /* Debug */ = {
			isa = XCBuildConfiguration;
			buildSettings = {
				ALWAYS_EMBED_SWIFT_STANDARD_LIBRARIES = YES;
				BUNDLE_LOADER = "$(TEST_HOST)";
				CODE_SIGN_STYLE = Automatic;
				DEVELOPMENT_TEAM = Q6D8LQAG8B;
				INFOPLIST_FILE = RickAndMortyCatalogTests/Info.plist;
				LD_RUNPATH_SEARCH_PATHS = (
					"$(inherited)",
					"@executable_path/Frameworks",
					"@loader_path/Frameworks",
				);
				PRODUCT_BUNDLE_IDENTIFIER = com.bocato.RickAndMortyCatalogTests;
				PRODUCT_NAME = "$(TARGET_NAME)";
				SWIFT_VERSION = 5.0;
				TARGETED_DEVICE_FAMILY = "1,2";
				TEST_HOST = "$(BUILT_PRODUCTS_DIR)/RickAndMortyCatalog.app/RickAndMortyCatalog";
			};
			name = Debug;
		};
		65912AA5225CF1C500F37508 /* Release */ = {
			isa = XCBuildConfiguration;
			buildSettings = {
				ALWAYS_EMBED_SWIFT_STANDARD_LIBRARIES = YES;
				BUNDLE_LOADER = "$(TEST_HOST)";
				CODE_SIGN_STYLE = Automatic;
				DEVELOPMENT_TEAM = Q6D8LQAG8B;
				INFOPLIST_FILE = RickAndMortyCatalogTests/Info.plist;
				LD_RUNPATH_SEARCH_PATHS = (
					"$(inherited)",
					"@executable_path/Frameworks",
					"@loader_path/Frameworks",
				);
				PRODUCT_BUNDLE_IDENTIFIER = com.bocato.RickAndMortyCatalogTests;
				PRODUCT_NAME = "$(TARGET_NAME)";
				SWIFT_VERSION = 5.0;
				TARGETED_DEVICE_FAMILY = "1,2";
				TEST_HOST = "$(BUILT_PRODUCTS_DIR)/RickAndMortyCatalog.app/RickAndMortyCatalog";
			};
			name = Release;
		};
		65912AA7225CF1C500F37508 /* Debug */ = {
			isa = XCBuildConfiguration;
			buildSettings = {
				ALWAYS_EMBED_SWIFT_STANDARD_LIBRARIES = YES;
				CODE_SIGN_STYLE = Automatic;
				DEVELOPMENT_TEAM = Q6D8LQAG8B;
				INFOPLIST_FILE = RickAndMortyCatalogUITests/Info.plist;
				LD_RUNPATH_SEARCH_PATHS = (
					"$(inherited)",
					"@executable_path/Frameworks",
					"@loader_path/Frameworks",
				);
				PRODUCT_BUNDLE_IDENTIFIER = com.bocato.RickAndMortyCatalogUITests;
				PRODUCT_NAME = "$(TARGET_NAME)";
				SWIFT_VERSION = 5.0;
				TARGETED_DEVICE_FAMILY = "1,2";
				TEST_TARGET_NAME = RickAndMortyCatalog;
			};
			name = Debug;
		};
		65912AA8225CF1C500F37508 /* Release */ = {
			isa = XCBuildConfiguration;
			buildSettings = {
				ALWAYS_EMBED_SWIFT_STANDARD_LIBRARIES = YES;
				CODE_SIGN_STYLE = Automatic;
				DEVELOPMENT_TEAM = Q6D8LQAG8B;
				INFOPLIST_FILE = RickAndMortyCatalogUITests/Info.plist;
				LD_RUNPATH_SEARCH_PATHS = (
					"$(inherited)",
					"@executable_path/Frameworks",
					"@loader_path/Frameworks",
				);
				PRODUCT_BUNDLE_IDENTIFIER = com.bocato.RickAndMortyCatalogUITests;
				PRODUCT_NAME = "$(TARGET_NAME)";
				SWIFT_VERSION = 5.0;
				TARGETED_DEVICE_FAMILY = "1,2";
				TEST_TARGET_NAME = RickAndMortyCatalog;
			};
			name = Release;
		};
/* End XCBuildConfiguration section */

/* Begin XCConfigurationList section */
		65912A73225CF1C400F37508 /* Build configuration list for PBXProject "RickAndMortyCatalog" */ = {
			isa = XCConfigurationList;
			buildConfigurations = (
				65912A9E225CF1C500F37508 /* Debug */,
				65912A9F225CF1C500F37508 /* Release */,
			);
			defaultConfigurationIsVisible = 0;
			defaultConfigurationName = Release;
		};
		65912AA0225CF1C500F37508 /* Build configuration list for PBXNativeTarget "RickAndMortyCatalog" */ = {
			isa = XCConfigurationList;
			buildConfigurations = (
				65912AA1225CF1C500F37508 /* Debug */,
				65912AA2225CF1C500F37508 /* Release */,
			);
			defaultConfigurationIsVisible = 0;
			defaultConfigurationName = Release;
		};
		65912AA3225CF1C500F37508 /* Build configuration list for PBXNativeTarget "RickAndMortyCatalogTests" */ = {
			isa = XCConfigurationList;
			buildConfigurations = (
				65912AA4225CF1C500F37508 /* Debug */,
				65912AA5225CF1C500F37508 /* Release */,
			);
			defaultConfigurationIsVisible = 0;
			defaultConfigurationName = Release;
		};
		65912AA6225CF1C500F37508 /* Build configuration list for PBXNativeTarget "RickAndMortyCatalogUITests" */ = {
			isa = XCConfigurationList;
			buildConfigurations = (
				65912AA7225CF1C500F37508 /* Debug */,
				65912AA8225CF1C500F37508 /* Release */,
			);
			defaultConfigurationIsVisible = 0;
			defaultConfigurationName = Release;
		};
/* End XCConfigurationList section */
	};
	rootObject = 65912A70225CF1C400F37508 /* Project object */;
}
